// !$*UTF8*$!
{
	archiveVersion = 1;
	classes = {
	};
	objectVersion = 46;
	objects = {

/* Begin PBXBuildFile section */
		1702E45820B513779ABDD34C /* Pods_BPForProfessionals.framework in Frameworks */ = {isa = PBXBuildFile; fileRef = 9BFAF9061F5AF7D3CBF54DB0 /* Pods_BPForProfessionals.framework */; };
		282558A61FB8E171009EC4C2 /* Article.swift in Sources */ = {isa = PBXBuildFile; fileRef = 282558A51FB8E171009EC4C2 /* Article.swift */; };
		282558A71FB8E171009EC4C2 /* Article.swift in Sources */ = {isa = PBXBuildFile; fileRef = 282558A51FB8E171009EC4C2 /* Article.swift */; };
		2870640C1F946AA6006E811A /* BPProGraphViewController.swift in Sources */ = {isa = PBXBuildFile; fileRef = 2870640B1F946AA6006E811A /* BPProGraphViewController.swift */; };
		28F55EF81F7DD03300B17BBB /* BPAnalysisResultsViewController.swift in Sources */ = {isa = PBXBuildFile; fileRef = 28F55EF71F7DD03300B17BBB /* BPAnalysisResultsViewController.swift */; };
		575FD7811F7DC3620050EF52 /* BPProSettingsViewController.swift in Sources */ = {isa = PBXBuildFile; fileRef = 575FD7801F7DC3620050EF52 /* BPProSettingsViewController.swift */; };
		AD0A18231FB5021900D3056A /* Height.swift in Sources */ = {isa = PBXBuildFile; fileRef = AD0A18221FB5021900D3056A /* Height.swift */; };
		AD0A18241FB5050700D3056A /* Height.swift in Sources */ = {isa = PBXBuildFile; fileRef = AD0A18221FB5021900D3056A /* Height.swift */; };
		AD0A18251FB5050800D3056A /* Height.swift in Sources */ = {isa = PBXBuildFile; fileRef = AD0A18221FB5021900D3056A /* Height.swift */; };
		AD0A18261FB5050900D3056A /* Height.swift in Sources */ = {isa = PBXBuildFile; fileRef = AD0A18221FB5021900D3056A /* Height.swift */; };
		AD4AF1421F7D989600F416A4 /* Config.swift in Sources */ = {isa = PBXBuildFile; fileRef = AD4AF1411F7D989600F416A4 /* Config.swift */; };
		AD4AF1431F7D989600F416A4 /* Config.swift in Sources */ = {isa = PBXBuildFile; fileRef = AD4AF1411F7D989600F416A4 /* Config.swift */; };
		AD4AF1441F7D989600F416A4 /* Config.swift in Sources */ = {isa = PBXBuildFile; fileRef = AD4AF1411F7D989600F416A4 /* Config.swift */; };
		AD4AF1451F7D989600F416A4 /* Config.swift in Sources */ = {isa = PBXBuildFile; fileRef = AD4AF1411F7D989600F416A4 /* Config.swift */; };
		AD5CFD931F8AE9BD00D9BDD9 /* BPEBPListViewController.swift in Sources */ = {isa = PBXBuildFile; fileRef = AD5CFD921F8AE9BD00D9BDD9 /* BPEBPListViewController.swift */; };
		AD5CFD971F8B155400D9BDD9 /* BPEPatientDetailPageViewController.swift in Sources */ = {isa = PBXBuildFile; fileRef = AD5CFD961F8B155400D9BDD9 /* BPEPatientDetailPageViewController.swift */; };
		AD5CFD9B1F8B18E700D9BDD9 /* PageViewStaticListController.swift in Sources */ = {isa = PBXBuildFile; fileRef = AD5CFD9A1F8B18E700D9BDD9 /* PageViewStaticListController.swift */; };
		AD5CFD9C1F8B18E700D9BDD9 /* PageViewStaticListController.swift in Sources */ = {isa = PBXBuildFile; fileRef = AD5CFD9A1F8B18E700D9BDD9 /* PageViewStaticListController.swift */; };
		AD5CFD9D1F8B18E700D9BDD9 /* PageViewStaticListController.swift in Sources */ = {isa = PBXBuildFile; fileRef = AD5CFD9A1F8B18E700D9BDD9 /* PageViewStaticListController.swift */; };
		AD68BB811FCE11BB000E6EB7 /* BPEGraph.swift in Sources */ = {isa = PBXBuildFile; fileRef = AD68BB801FCE11BB000E6EB7 /* BPEGraph.swift */; };
		AD68BB821FCE11BB000E6EB7 /* BPEGraph.swift in Sources */ = {isa = PBXBuildFile; fileRef = AD68BB801FCE11BB000E6EB7 /* BPEGraph.swift */; };
		AD68BB841FCE1873000E6EB7 /* BPEPatientGraphViewController.swift in Sources */ = {isa = PBXBuildFile; fileRef = AD68BB831FCE1873000E6EB7 /* BPEPatientGraphViewController.swift */; };
		AD7D33EB1F7F00B100A2C15A /* QuickBPAnalysisViewController.swift in Sources */ = {isa = PBXBuildFile; fileRef = DC5E4B971EADCEB200B35F2D /* QuickBPAnalysisViewController.swift */; };
		AD9BEE201F80B35300F1C986 /* BirthDay.swift in Sources */ = {isa = PBXBuildFile; fileRef = AD9BEE1F1F80B35300F1C986 /* BirthDay.swift */; };
		AD9BEE211F80B4FE00F1C986 /* BirthDay.swift in Sources */ = {isa = PBXBuildFile; fileRef = AD9BEE1F1F80B35300F1C986 /* BirthDay.swift */; };
		AD9BEE221F80B4FF00F1C986 /* BirthDay.swift in Sources */ = {isa = PBXBuildFile; fileRef = AD9BEE1F1F80B35300F1C986 /* BirthDay.swift */; };
		AD9BEE231F80B4FF00F1C986 /* BirthDay.swift in Sources */ = {isa = PBXBuildFile; fileRef = AD9BEE1F1F80B35300F1C986 /* BirthDay.swift */; };
		ADBD0BFCCB54B0D013606DA5 /* Pods_BPForEveryone.framework in Frameworks */ = {isa = PBXBuildFile; fileRef = F9F0AA9344792F26CF88E32D /* Pods_BPForEveryone.framework */; };
		ADE764CB1FAF9B9E00A119A9 /* BPNormsEntry.swift in Sources */ = {isa = PBXBuildFile; fileRef = ADE764CA1FAF9B9E00A119A9 /* BPNormsEntry.swift */; };
		ADE764CC1FAF9C0300A119A9 /* BPNormsEntry.swift in Sources */ = {isa = PBXBuildFile; fileRef = ADE764CA1FAF9B9E00A119A9 /* BPNormsEntry.swift */; };
		ADE764CD1FAF9C0400A119A9 /* BPNormsEntry.swift in Sources */ = {isa = PBXBuildFile; fileRef = ADE764CA1FAF9B9E00A119A9 /* BPNormsEntry.swift */; };
		ADE764CE1FAF9C0500A119A9 /* BPNormsEntry.swift in Sources */ = {isa = PBXBuildFile; fileRef = ADE764CA1FAF9B9E00A119A9 /* BPNormsEntry.swift */; };
		ADFF25021FA925CD00A459CC /* BPNormsTable.swift in Sources */ = {isa = PBXBuildFile; fileRef = ADFF25011FA925CD00A459CC /* BPNormsTable.swift */; };
		ADFF25031FA925CD00A459CC /* BPNormsTable.swift in Sources */ = {isa = PBXBuildFile; fileRef = ADFF25011FA925CD00A459CC /* BPNormsTable.swift */; };
		ADFF25041FA925CD00A459CC /* BPNormsTable.swift in Sources */ = {isa = PBXBuildFile; fileRef = ADFF25011FA925CD00A459CC /* BPNormsTable.swift */; };
		ADFF25051FA925CD00A459CC /* BPNormsTable.swift in Sources */ = {isa = PBXBuildFile; fileRef = ADFF25011FA925CD00A459CC /* BPNormsTable.swift */; };
		DC2633381F7F1D5100945319 /* BPEPatientDetailViewController.swift in Sources */ = {isa = PBXBuildFile; fileRef = DC2633371F7F1D5100945319 /* BPEPatientDetailViewController.swift */; };
		DC26333A1F7F1DC600945319 /* BPEPatientEditViewController.swift in Sources */ = {isa = PBXBuildFile; fileRef = DC2633391F7F1DC600945319 /* BPEPatientEditViewController.swift */; };
		DC26333C1F7F1E0C00945319 /* BPERecordBPViewController.swift in Sources */ = {isa = PBXBuildFile; fileRef = DC26333B1F7F1E0C00945319 /* BPERecordBPViewController.swift */; };
		DC3674CC1F8E6AC300C4305C /* BPEBloodPressure.storyboard in Resources */ = {isa = PBXBuildFile; fileRef = DC3674CB1F8E6AC300C4305C /* BPEBloodPressure.storyboard */; };
		DC3674CD1F8E6AC300C4305C /* BPEBloodPressure.storyboard in Resources */ = {isa = PBXBuildFile; fileRef = DC3674CB1F8E6AC300C4305C /* BPEBloodPressure.storyboard */; };
		DC3674CE1F8E6AC300C4305C /* BPEBloodPressure.storyboard in Resources */ = {isa = PBXBuildFile; fileRef = DC3674CB1F8E6AC300C4305C /* BPEBloodPressure.storyboard */; };
		DC3674CF1F8E6CD200C4305C /* BPEResources.storyboard in Resources */ = {isa = PBXBuildFile; fileRef = DC3674C91F8E6A7400C4305C /* BPEResources.storyboard */; };
		DC3674D01F8E6CD200C4305C /* BPEResources.storyboard in Resources */ = {isa = PBXBuildFile; fileRef = DC3674C91F8E6A7400C4305C /* BPEResources.storyboard */; };
		DC3674D11F8E6CD300C4305C /* BPEResources.storyboard in Resources */ = {isa = PBXBuildFile; fileRef = DC3674C91F8E6A7400C4305C /* BPEResources.storyboard */; };
		DC3674D21F8E6CDE00C4305C /* BPESettings.storyboard in Resources */ = {isa = PBXBuildFile; fileRef = DC3674C71F8E6A4D00C4305C /* BPESettings.storyboard */; };
		DC3674D31F8E6CDE00C4305C /* BPESettings.storyboard in Resources */ = {isa = PBXBuildFile; fileRef = DC3674C71F8E6A4D00C4305C /* BPESettings.storyboard */; };
		DC3674D41F8E6CDF00C4305C /* BPESettings.storyboard in Resources */ = {isa = PBXBuildFile; fileRef = DC3674C71F8E6A4D00C4305C /* BPESettings.storyboard */; };
		DC3832061EAE2E2D00804EDF /* BPEMainViewController.swift in Sources */ = {isa = PBXBuildFile; fileRef = DC3832051EAE2E2D00804EDF /* BPEMainViewController.swift */; };
		DC38320C1EAE3A1600804EDF /* BPProResourceTableViewController.swift in Sources */ = {isa = PBXBuildFile; fileRef = DC38320B1EAE3A1600804EDF /* BPProResourceTableViewController.swift */; };
		DC38320E1EAE3EE100804EDF /* BPETrackUsersViewController.swift in Sources */ = {isa = PBXBuildFile; fileRef = DC38320D1EAE3EE100804EDF /* BPETrackUsersViewController.swift */; };
		DC3832101EAE415400804EDF /* BPEResourceTableViewController.swift in Sources */ = {isa = PBXBuildFile; fileRef = DC38320F1EAE415400804EDF /* BPEResourceTableViewController.swift */; };
		DC3832121EAE44DC00804EDF /* BPESettingsViewController.swift in Sources */ = {isa = PBXBuildFile; fileRef = DC3832111EAE44DC00804EDF /* BPESettingsViewController.swift */; };
		DC3AC9561F8C41F5000DAE6A /* BloodPressureMeasurement.swift in Sources */ = {isa = PBXBuildFile; fileRef = DC3AC9551F8C41E9000DAE6A /* BloodPressureMeasurement.swift */; };
		DC3AC9571F8C41F5000DAE6A /* BloodPressureMeasurement.swift in Sources */ = {isa = PBXBuildFile; fileRef = DC3AC9551F8C41E9000DAE6A /* BloodPressureMeasurement.swift */; };
		DC3AC9581F8C41FD000DAE6A /* BloodPressureMeasurement.swift in Sources */ = {isa = PBXBuildFile; fileRef = DC3AC9551F8C41E9000DAE6A /* BloodPressureMeasurement.swift */; };
		DC3AC9591F8C41FE000DAE6A /* BloodPressureMeasurement.swift in Sources */ = {isa = PBXBuildFile; fileRef = DC3AC9551F8C41E9000DAE6A /* BloodPressureMeasurement.swift */; };
		DC3AC95B1F8C421B000DAE6A /* BPEMain.storyboard in Resources */ = {isa = PBXBuildFile; fileRef = DC3AC94D1F8C40C5000DAE6A /* BPEMain.storyboard */; };
		DC3AC95C1F8C421E000DAE6A /* EveryoneLaunchScreen.storyboard in Resources */ = {isa = PBXBuildFile; fileRef = DC3AC94F1F8C40DD000DAE6A /* EveryoneLaunchScreen.storyboard */; };
		DC3AC95D1F8C4225000DAE6A /* ProLaunchScreen.storyboard in Resources */ = {isa = PBXBuildFile; fileRef = DC3AC9541F8C41B6000DAE6A /* ProLaunchScreen.storyboard */; };
		DC3AC95F1F8C422B000DAE6A /* BPProMain.storyboard in Resources */ = {isa = PBXBuildFile; fileRef = DC3AC9531F8C41A8000DAE6A /* BPProMain.storyboard */; };
		DC3AC9611F8C42C2000DAE6A /* ProAssets.xcassets in Resources */ = {isa = PBXBuildFile; fileRef = DC5E4B611EADBED900B35F2D /* ProAssets.xcassets */; };
		DC3AC9621F8C42CB000DAE6A /* BPEAssets.xcassets in Resources */ = {isa = PBXBuildFile; fileRef = DC3AC9601F8C4294000DAE6A /* BPEAssets.xcassets */; };
		DC3AC9671F8C4A2B000DAE6A /* BPProQuickAnalysis.storyboard in Resources */ = {isa = PBXBuildFile; fileRef = DC3AC9661F8C4A2B000DAE6A /* BPProQuickAnalysis.storyboard */; };
		DC3AC9691F8C4A5B000DAE6A /* BPProResources.storyboard in Resources */ = {isa = PBXBuildFile; fileRef = DC3AC9681F8C4A5B000DAE6A /* BPProResources.storyboard */; };
		DC3AC96B1F8C4A86000DAE6A /* BPProSettings.storyboard in Resources */ = {isa = PBXBuildFile; fileRef = DC3AC96A1F8C4A86000DAE6A /* BPProSettings.storyboard */; };
		DC5E4B581EADBED900B35F2D /* AppDelegate.swift in Sources */ = {isa = PBXBuildFile; fileRef = DC5E4B571EADBED900B35F2D /* AppDelegate.swift */; };
		DC5E4B5A1EADBED900B35F2D /* BPProMainViewController.swift in Sources */ = {isa = PBXBuildFile; fileRef = DC5E4B591EADBED900B35F2D /* BPProMainViewController.swift */; };
		DC5E4B601EADBED900B35F2D /* BPApp.xcdatamodeld in Sources */ = {isa = PBXBuildFile; fileRef = DC5E4B5E1EADBED900B35F2D /* BPApp.xcdatamodeld */; };
		DC5E4B701EADBED900B35F2D /* BPAppTests.swift in Sources */ = {isa = PBXBuildFile; fileRef = DC5E4B6F1EADBED900B35F2D /* BPAppTests.swift */; };
		DC5E4B7B1EADBED900B35F2D /* BPAppUITests.swift in Sources */ = {isa = PBXBuildFile; fileRef = DC5E4B7A1EADBED900B35F2D /* BPAppUITests.swift */; };
		DC5E4B8A1EADBEF500B35F2D /* BPApp.xcdatamodeld in Sources */ = {isa = PBXBuildFile; fileRef = DC5E4B5E1EADBED900B35F2D /* BPApp.xcdatamodeld */; };
		DC5E4B8C1EADBEF500B35F2D /* AppDelegate.swift in Sources */ = {isa = PBXBuildFile; fileRef = DC5E4B571EADBED900B35F2D /* AppDelegate.swift */; };
		DC685B361F7B422000EF7C21 /* BPEAddPatientViewController.swift in Sources */ = {isa = PBXBuildFile; fileRef = DC685B351F7B422000EF7C21 /* BPEAddPatientViewController.swift */; };
		DC7C78401F7C82B200D87C3D /* Patient.swift in Sources */ = {isa = PBXBuildFile; fileRef = DC7C783E1F7C7EBA00D87C3D /* Patient.swift */; };
		DC7C78411F7C82B300D87C3D /* Patient.swift in Sources */ = {isa = PBXBuildFile; fileRef = DC7C783E1F7C7EBA00D87C3D /* Patient.swift */; };
		DC7C78421F7C82B500D87C3D /* Patient.swift in Sources */ = {isa = PBXBuildFile; fileRef = DC7C783E1F7C7EBA00D87C3D /* Patient.swift */; };
		DC7C78431F7C82B600D87C3D /* Patient.swift in Sources */ = {isa = PBXBuildFile; fileRef = DC7C783E1F7C7EBA00D87C3D /* Patient.swift */; };
/* End PBXBuildFile section */

/* Begin PBXContainerItemProxy section */
		DC5E4B6C1EADBED900B35F2D /* PBXContainerItemProxy */ = {
			isa = PBXContainerItemProxy;
			containerPortal = DC5E4B4C1EADBED900B35F2D /* Project object */;
			proxyType = 1;
			remoteGlobalIDString = DC5E4B531EADBED900B35F2D;
			remoteInfo = BPApp;
		};
		DC5E4B771EADBED900B35F2D /* PBXContainerItemProxy */ = {
			isa = PBXContainerItemProxy;
			containerPortal = DC5E4B4C1EADBED900B35F2D /* Project object */;
			proxyType = 1;
			remoteGlobalIDString = DC5E4B531EADBED900B35F2D;
			remoteInfo = BPApp;
		};
/* End PBXContainerItemProxy section */

/* Begin PBXFileReference section */
		165115CA59EE456379F2225C /* Pods-BPForProfessionals.release.xcconfig */ = {isa = PBXFileReference; includeInIndex = 1; lastKnownFileType = text.xcconfig; name = "Pods-BPForProfessionals.release.xcconfig"; path = "Pods/Target Support Files/Pods-BPForProfessionals/Pods-BPForProfessionals.release.xcconfig"; sourceTree = "<group>"; };
		282558A51FB8E171009EC4C2 /* Article.swift */ = {isa = PBXFileReference; lastKnownFileType = sourcecode.swift; path = Article.swift; sourceTree = "<group>"; };
		2870640B1F946AA6006E811A /* BPProGraphViewController.swift */ = {isa = PBXFileReference; lastKnownFileType = sourcecode.swift; path = BPProGraphViewController.swift; sourceTree = "<group>"; };
		28F55EF71F7DD03300B17BBB /* BPAnalysisResultsViewController.swift */ = {isa = PBXFileReference; lastKnownFileType = sourcecode.swift; path = BPAnalysisResultsViewController.swift; sourceTree = "<group>"; };
		575FD7801F7DC3620050EF52 /* BPProSettingsViewController.swift */ = {isa = PBXFileReference; lastKnownFileType = sourcecode.swift; name = BPProSettingsViewController.swift; path = BPApp/BPProfessional/BPProSettingsViewController.swift; sourceTree = SOURCE_ROOT; };
		90D5D19926BAA8FF97FA18BC /* Pods-BPForProfessionals.debug.xcconfig */ = {isa = PBXFileReference; includeInIndex = 1; lastKnownFileType = text.xcconfig; name = "Pods-BPForProfessionals.debug.xcconfig"; path = "Pods/Target Support Files/Pods-BPForProfessionals/Pods-BPForProfessionals.debug.xcconfig"; sourceTree = "<group>"; };
		9BFAF9061F5AF7D3CBF54DB0 /* Pods_BPForProfessionals.framework */ = {isa = PBXFileReference; explicitFileType = wrapper.framework; includeInIndex = 0; path = Pods_BPForProfessionals.framework; sourceTree = BUILT_PRODUCTS_DIR; };
		AD0A18221FB5021900D3056A /* Height.swift */ = {isa = PBXFileReference; lastKnownFileType = sourcecode.swift; path = Height.swift; sourceTree = "<group>"; };
		AD4AF1411F7D989600F416A4 /* Config.swift */ = {isa = PBXFileReference; lastKnownFileType = sourcecode.swift; path = Config.swift; sourceTree = "<group>"; };
		AD5CFD921F8AE9BD00D9BDD9 /* BPEBPListViewController.swift */ = {isa = PBXFileReference; lastKnownFileType = sourcecode.swift; path = BPEBPListViewController.swift; sourceTree = "<group>"; };
		AD5CFD961F8B155400D9BDD9 /* BPEPatientDetailPageViewController.swift */ = {isa = PBXFileReference; lastKnownFileType = sourcecode.swift; path = BPEPatientDetailPageViewController.swift; sourceTree = "<group>"; };
		AD5CFD9A1F8B18E700D9BDD9 /* PageViewStaticListController.swift */ = {isa = PBXFileReference; lastKnownFileType = sourcecode.swift; path = PageViewStaticListController.swift; sourceTree = "<group>"; };
		AD68BB801FCE11BB000E6EB7 /* BPEGraph.swift */ = {isa = PBXFileReference; lastKnownFileType = sourcecode.swift; path = BPEGraph.swift; sourceTree = "<group>"; };
		AD68BB831FCE1873000E6EB7 /* BPEPatientGraphViewController.swift */ = {isa = PBXFileReference; lastKnownFileType = sourcecode.swift; path = BPEPatientGraphViewController.swift; sourceTree = "<group>"; };
		AD9BEE1F1F80B35300F1C986 /* BirthDay.swift */ = {isa = PBXFileReference; lastKnownFileType = sourcecode.swift; path = BirthDay.swift; sourceTree = "<group>"; };
		ADE764CA1FAF9B9E00A119A9 /* BPNormsEntry.swift */ = {isa = PBXFileReference; lastKnownFileType = sourcecode.swift; path = BPNormsEntry.swift; sourceTree = "<group>"; };
		ADFF25011FA925CD00A459CC /* BPNormsTable.swift */ = {isa = PBXFileReference; lastKnownFileType = sourcecode.swift; path = BPNormsTable.swift; sourceTree = "<group>"; };
		DC2633371F7F1D5100945319 /* BPEPatientDetailViewController.swift */ = {isa = PBXFileReference; lastKnownFileType = sourcecode.swift; path = BPEPatientDetailViewController.swift; sourceTree = "<group>"; };
		DC2633391F7F1DC600945319 /* BPEPatientEditViewController.swift */ = {isa = PBXFileReference; lastKnownFileType = sourcecode.swift; path = BPEPatientEditViewController.swift; sourceTree = "<group>"; };
		DC26333B1F7F1E0C00945319 /* BPERecordBPViewController.swift */ = {isa = PBXFileReference; lastKnownFileType = sourcecode.swift; path = BPERecordBPViewController.swift; sourceTree = "<group>"; };
		DC3674C71F8E6A4D00C4305C /* BPESettings.storyboard */ = {isa = PBXFileReference; fileEncoding = 4; lastKnownFileType = file.storyboard; path = BPESettings.storyboard; sourceTree = "<group>"; };
		DC3674C91F8E6A7400C4305C /* BPEResources.storyboard */ = {isa = PBXFileReference; fileEncoding = 4; lastKnownFileType = file.storyboard; path = BPEResources.storyboard; sourceTree = "<group>"; };
		DC3674CB1F8E6AC300C4305C /* BPEBloodPressure.storyboard */ = {isa = PBXFileReference; fileEncoding = 4; lastKnownFileType = file.storyboard; path = BPEBloodPressure.storyboard; sourceTree = "<group>"; };
		DC3832051EAE2E2D00804EDF /* BPEMainViewController.swift */ = {isa = PBXFileReference; fileEncoding = 4; lastKnownFileType = sourcecode.swift; path = BPEMainViewController.swift; sourceTree = "<group>"; };
		DC38320B1EAE3A1600804EDF /* BPProResourceTableViewController.swift */ = {isa = PBXFileReference; fileEncoding = 4; lastKnownFileType = sourcecode.swift; path = BPProResourceTableViewController.swift; sourceTree = "<group>"; };
		DC38320D1EAE3EE100804EDF /* BPETrackUsersViewController.swift */ = {isa = PBXFileReference; fileEncoding = 4; lastKnownFileType = sourcecode.swift; path = BPETrackUsersViewController.swift; sourceTree = "<group>"; };
		DC38320F1EAE415400804EDF /* BPEResourceTableViewController.swift */ = {isa = PBXFileReference; fileEncoding = 4; lastKnownFileType = sourcecode.swift; path = BPEResourceTableViewController.swift; sourceTree = "<group>"; };
		DC3832111EAE44DC00804EDF /* BPESettingsViewController.swift */ = {isa = PBXFileReference; fileEncoding = 4; lastKnownFileType = sourcecode.swift; path = BPESettingsViewController.swift; sourceTree = "<group>"; };
		DC3AC94C1F8C401E000DAE6A /* BPForProfesionals-Info.plist */ = {isa = PBXFileReference; lastKnownFileType = text.plist.xml; path = "BPForProfesionals-Info.plist"; sourceTree = "<group>"; };
		DC3AC94D1F8C40C5000DAE6A /* BPEMain.storyboard */ = {isa = PBXFileReference; lastKnownFileType = file.storyboard; path = BPEMain.storyboard; sourceTree = "<group>"; };
		DC3AC94E1F8C40D7000DAE6A /* BPForEveryone-Info.plist */ = {isa = PBXFileReference; lastKnownFileType = text.plist.xml; path = "BPForEveryone-Info.plist"; sourceTree = "<group>"; };
		DC3AC94F1F8C40DD000DAE6A /* EveryoneLaunchScreen.storyboard */ = {isa = PBXFileReference; lastKnownFileType = file.storyboard; path = EveryoneLaunchScreen.storyboard; sourceTree = "<group>"; };
		DC3AC9531F8C41A8000DAE6A /* BPProMain.storyboard */ = {isa = PBXFileReference; lastKnownFileType = file.storyboard; path = BPProMain.storyboard; sourceTree = "<group>"; };
		DC3AC9541F8C41B6000DAE6A /* ProLaunchScreen.storyboard */ = {isa = PBXFileReference; lastKnownFileType = file.storyboard; path = ProLaunchScreen.storyboard; sourceTree = "<group>"; };
		DC3AC9551F8C41E9000DAE6A /* BloodPressureMeasurement.swift */ = {isa = PBXFileReference; lastKnownFileType = sourcecode.swift; path = BloodPressureMeasurement.swift; sourceTree = "<group>"; };
		DC3AC9601F8C4294000DAE6A /* BPEAssets.xcassets */ = {isa = PBXFileReference; lastKnownFileType = folder.assetcatalog; path = BPEAssets.xcassets; sourceTree = "<group>"; };
		DC3AC9661F8C4A2B000DAE6A /* BPProQuickAnalysis.storyboard */ = {isa = PBXFileReference; fileEncoding = 4; lastKnownFileType = file.storyboard; path = BPProQuickAnalysis.storyboard; sourceTree = "<group>"; };
		DC3AC9681F8C4A5B000DAE6A /* BPProResources.storyboard */ = {isa = PBXFileReference; fileEncoding = 4; lastKnownFileType = file.storyboard; path = BPProResources.storyboard; sourceTree = "<group>"; };
		DC3AC96A1F8C4A86000DAE6A /* BPProSettings.storyboard */ = {isa = PBXFileReference; fileEncoding = 4; lastKnownFileType = file.storyboard; path = BPProSettings.storyboard; sourceTree = "<group>"; };
		DC5E4B541EADBED900B35F2D /* BPForProfessionals.app */ = {isa = PBXFileReference; explicitFileType = wrapper.application; includeInIndex = 0; path = BPForProfessionals.app; sourceTree = BUILT_PRODUCTS_DIR; };
		DC5E4B571EADBED900B35F2D /* AppDelegate.swift */ = {isa = PBXFileReference; lastKnownFileType = sourcecode.swift; path = AppDelegate.swift; sourceTree = "<group>"; };
		DC5E4B591EADBED900B35F2D /* BPProMainViewController.swift */ = {isa = PBXFileReference; lastKnownFileType = sourcecode.swift; path = BPProMainViewController.swift; sourceTree = "<group>"; };
		DC5E4B5F1EADBED900B35F2D /* BPApp.xcdatamodel */ = {isa = PBXFileReference; lastKnownFileType = wrapper.xcdatamodel; path = BPApp.xcdatamodel; sourceTree = "<group>"; };
		DC5E4B611EADBED900B35F2D /* ProAssets.xcassets */ = {isa = PBXFileReference; lastKnownFileType = folder.assetcatalog; path = ProAssets.xcassets; sourceTree = "<group>"; };
		DC5E4B6B1EADBED900B35F2D /* BPAppTests.xctest */ = {isa = PBXFileReference; explicitFileType = wrapper.cfbundle; includeInIndex = 0; path = BPAppTests.xctest; sourceTree = BUILT_PRODUCTS_DIR; };
		DC5E4B6F1EADBED900B35F2D /* BPAppTests.swift */ = {isa = PBXFileReference; lastKnownFileType = sourcecode.swift; path = BPAppTests.swift; sourceTree = "<group>"; };
		DC5E4B711EADBED900B35F2D /* Info.plist */ = {isa = PBXFileReference; lastKnownFileType = text.plist.xml; path = Info.plist; sourceTree = "<group>"; };
		DC5E4B761EADBED900B35F2D /* BPAppUITests.xctest */ = {isa = PBXFileReference; explicitFileType = wrapper.cfbundle; includeInIndex = 0; path = BPAppUITests.xctest; sourceTree = BUILT_PRODUCTS_DIR; };
		DC5E4B7A1EADBED900B35F2D /* BPAppUITests.swift */ = {isa = PBXFileReference; lastKnownFileType = sourcecode.swift; path = BPAppUITests.swift; sourceTree = "<group>"; };
		DC5E4B7C1EADBED900B35F2D /* Info.plist */ = {isa = PBXFileReference; lastKnownFileType = text.plist.xml; path = Info.plist; sourceTree = "<group>"; };
		DC5E4B951EADBEF500B35F2D /* BPForEveryone.app */ = {isa = PBXFileReference; explicitFileType = wrapper.application; includeInIndex = 0; path = BPForEveryone.app; sourceTree = BUILT_PRODUCTS_DIR; };
		DC5E4B971EADCEB200B35F2D /* QuickBPAnalysisViewController.swift */ = {isa = PBXFileReference; fileEncoding = 4; lastKnownFileType = sourcecode.swift; path = QuickBPAnalysisViewController.swift; sourceTree = "<group>"; };
		DC685B351F7B422000EF7C21 /* BPEAddPatientViewController.swift */ = {isa = PBXFileReference; lastKnownFileType = sourcecode.swift; path = BPEAddPatientViewController.swift; sourceTree = "<group>"; };
		DC7C783E1F7C7EBA00D87C3D /* Patient.swift */ = {isa = PBXFileReference; lastKnownFileType = sourcecode.swift; path = Patient.swift; sourceTree = "<group>"; };
		ED8F6D5253249E49650FDCF0 /* Pods-BPForEveryone.release.xcconfig */ = {isa = PBXFileReference; includeInIndex = 1; lastKnownFileType = text.xcconfig; name = "Pods-BPForEveryone.release.xcconfig"; path = "Pods/Target Support Files/Pods-BPForEveryone/Pods-BPForEveryone.release.xcconfig"; sourceTree = "<group>"; };
		F4F014FF2BD8EBDD99E87404 /* Pods-BPForEveryone.debug.xcconfig */ = {isa = PBXFileReference; includeInIndex = 1; lastKnownFileType = text.xcconfig; name = "Pods-BPForEveryone.debug.xcconfig"; path = "Pods/Target Support Files/Pods-BPForEveryone/Pods-BPForEveryone.debug.xcconfig"; sourceTree = "<group>"; };
		F9F0AA9344792F26CF88E32D /* Pods_BPForEveryone.framework */ = {isa = PBXFileReference; explicitFileType = wrapper.framework; includeInIndex = 0; path = Pods_BPForEveryone.framework; sourceTree = BUILT_PRODUCTS_DIR; };
/* End PBXFileReference section */

/* Begin PBXFrameworksBuildPhase section */
		DC5E4B511EADBED900B35F2D /* Frameworks */ = {
			isa = PBXFrameworksBuildPhase;
			buildActionMask = 2147483647;
			files = (
				1702E45820B513779ABDD34C /* Pods_BPForProfessionals.framework in Frameworks */,
			);
			runOnlyForDeploymentPostprocessing = 0;
		};
		DC5E4B681EADBED900B35F2D /* Frameworks */ = {
			isa = PBXFrameworksBuildPhase;
			buildActionMask = 2147483647;
			files = (
			);
			runOnlyForDeploymentPostprocessing = 0;
		};
		DC5E4B731EADBED900B35F2D /* Frameworks */ = {
			isa = PBXFrameworksBuildPhase;
			buildActionMask = 2147483647;
			files = (
			);
			runOnlyForDeploymentPostprocessing = 0;
		};
		DC5E4B8D1EADBEF500B35F2D /* Frameworks */ = {
			isa = PBXFrameworksBuildPhase;
			buildActionMask = 2147483647;
			files = (
				ADBD0BFCCB54B0D013606DA5 /* Pods_BPForEveryone.framework in Frameworks */,
			);
			runOnlyForDeploymentPostprocessing = 0;
		};
/* End PBXFrameworksBuildPhase section */

/* Begin PBXGroup section */
		84CF2C48BC5E4C1D7AA5EEF2 /* Pods */ = {
			isa = PBXGroup;
			children = (
				F4F014FF2BD8EBDD99E87404 /* Pods-BPForEveryone.debug.xcconfig */,
				ED8F6D5253249E49650FDCF0 /* Pods-BPForEveryone.release.xcconfig */,
				90D5D19926BAA8FF97FA18BC /* Pods-BPForProfessionals.debug.xcconfig */,
				165115CA59EE456379F2225C /* Pods-BPForProfessionals.release.xcconfig */,
			);
			name = Pods;
			sourceTree = "<group>";
		};
		D1B199B976604E5FFD0CBD3E /* Frameworks */ = {
			isa = PBXGroup;
			children = (
				F9F0AA9344792F26CF88E32D /* Pods_BPForEveryone.framework */,
				9BFAF9061F5AF7D3CBF54DB0 /* Pods_BPForProfessionals.framework */,
			);
			name = Frameworks;
			sourceTree = "<group>";
		};
		DC3AC9511F8C4161000DAE6A /* Storyboards */ = {
			isa = PBXGroup;
			children = (
				DC3AC94D1F8C40C5000DAE6A /* BPEMain.storyboard */,
				DC3674CB1F8E6AC300C4305C /* BPEBloodPressure.storyboard */,
				DC3674C91F8E6A7400C4305C /* BPEResources.storyboard */,
				DC3674C71F8E6A4D00C4305C /* BPESettings.storyboard */,
				DC3AC94F1F8C40DD000DAE6A /* EveryoneLaunchScreen.storyboard */,
			);
			name = Storyboards;
			sourceTree = "<group>";
		};
		DC3AC9521F8C4178000DAE6A /* ViewControllers */ = {
			isa = PBXGroup;
			children = (
				DC38320F1EAE415400804EDF /* BPEResourceTableViewController.swift */,
				DC3832111EAE44DC00804EDF /* BPESettingsViewController.swift */,
				DC2633371F7F1D5100945319 /* BPEPatientDetailViewController.swift */,
				DC2633391F7F1DC600945319 /* BPEPatientEditViewController.swift */,
				DC26333B1F7F1E0C00945319 /* BPERecordBPViewController.swift */,
				AD5CFD921F8AE9BD00D9BDD9 /* BPEBPListViewController.swift */,
				AD5CFD961F8B155400D9BDD9 /* BPEPatientDetailPageViewController.swift */,
				DC38320D1EAE3EE100804EDF /* BPETrackUsersViewController.swift */,
				DC3832051EAE2E2D00804EDF /* BPEMainViewController.swift */,
				DC685B351F7B422000EF7C21 /* BPEAddPatientViewController.swift */,
				AD68BB831FCE1873000E6EB7 /* BPEPatientGraphViewController.swift */,
			);
			name = ViewControllers;
			sourceTree = "<group>";
		};
		DC3AC9641F8C4345000DAE6A /* ViewControllers */ = {
			isa = PBXGroup;
			children = (
				DC5E4B591EADBED900B35F2D /* BPProMainViewController.swift */,
				575FD7801F7DC3620050EF52 /* BPProSettingsViewController.swift */,
				DC5E4B971EADCEB200B35F2D /* QuickBPAnalysisViewController.swift */,
				28F55EF71F7DD03300B17BBB /* BPAnalysisResultsViewController.swift */,
				DC38320B1EAE3A1600804EDF /* BPProResourceTableViewController.swift */,
				2870640B1F946AA6006E811A /* BPProGraphViewController.swift */,
			);
			name = ViewControllers;
			sourceTree = "<group>";
		};
		DC3AC9651F8C434F000DAE6A /* Storyboards */ = {
			isa = PBXGroup;
			children = (
				DC3AC9541F8C41B6000DAE6A /* ProLaunchScreen.storyboard */,
				DC3AC9531F8C41A8000DAE6A /* BPProMain.storyboard */,
				DC3AC96A1F8C4A86000DAE6A /* BPProSettings.storyboard */,
				DC3AC9681F8C4A5B000DAE6A /* BPProResources.storyboard */,
				DC3AC9661F8C4A2B000DAE6A /* BPProQuickAnalysis.storyboard */,
			);
			name = Storyboards;
			sourceTree = "<group>";
		};
		DC3AC9711F8C68D8000DAE6A /* Models */ = {
			isa = PBXGroup;
			children = (
				282558A51FB8E171009EC4C2 /* Article.swift */,
				AD4AF1411F7D989600F416A4 /* Config.swift */,
				DC3AC9551F8C41E9000DAE6A /* BloodPressureMeasurement.swift */,
				DC7C783E1F7C7EBA00D87C3D /* Patient.swift */,
				AD0A18221FB5021900D3056A /* Height.swift */,
				AD9BEE1F1F80B35300F1C986 /* BirthDay.swift */,
				AD5CFD9A1F8B18E700D9BDD9 /* PageViewStaticListController.swift */,
				ADE764CA1FAF9B9E00A119A9 /* BPNormsEntry.swift */,
			);
			name = Models;
			sourceTree = "<group>";
		};
		DC3AC9721F8C68F6000DAE6A /* Views */ = {
			isa = PBXGroup;
			children = (
			);
			name = Views;
			sourceTree = "<group>";
		};
		DC5E4B4B1EADBED900B35F2D = {
			isa = PBXGroup;
			children = (
				DC5E4B561EADBED900B35F2D /* BPApp */,
				DC5E4B6E1EADBED900B35F2D /* BPAppTests */,
				DC5E4B791EADBED900B35F2D /* BPAppUITests */,
				DC5E4B551EADBED900B35F2D /* Products */,
				84CF2C48BC5E4C1D7AA5EEF2 /* Pods */,
				D1B199B976604E5FFD0CBD3E /* Frameworks */,
			);
			sourceTree = "<group>";
		};
		DC5E4B551EADBED900B35F2D /* Products */ = {
			isa = PBXGroup;
			children = (
				DC5E4B541EADBED900B35F2D /* BPForProfessionals.app */,
				DC5E4B6B1EADBED900B35F2D /* BPAppTests.xctest */,
				DC5E4B761EADBED900B35F2D /* BPAppUITests.xctest */,
				DC5E4B951EADBEF500B35F2D /* BPForEveryone.app */,
			);
			name = Products;
			sourceTree = "<group>";
		};
		DC5E4B561EADBED900B35F2D /* BPApp */ = {
			isa = PBXGroup;
			children = (
				DC7C783F1F7C7EC000D87C3D /* Shared */,
				DC7C783C1F7C766D00D87C3D /* BPEveryone */,
				DC7C78391F7C759700D87C3D /* BPProfessional */,
				DC5E4B571EADBED900B35F2D /* AppDelegate.swift */,
				DC5E4B5E1EADBED900B35F2D /* BPApp.xcdatamodeld */,
			);
			path = BPApp;
			sourceTree = "<group>";
		};
		DC5E4B6E1EADBED900B35F2D /* BPAppTests */ = {
			isa = PBXGroup;
			children = (
				DC5E4B6F1EADBED900B35F2D /* BPAppTests.swift */,
				DC5E4B711EADBED900B35F2D /* Info.plist */,
			);
			path = BPAppTests;
			sourceTree = "<group>";
		};
		DC5E4B791EADBED900B35F2D /* BPAppUITests */ = {
			isa = PBXGroup;
			children = (
				DC5E4B7A1EADBED900B35F2D /* BPAppUITests.swift */,
				DC5E4B7C1EADBED900B35F2D /* Info.plist */,
			);
			path = BPAppUITests;
			sourceTree = "<group>";
		};
		DC7C78391F7C759700D87C3D /* BPProfessional */ = {
			isa = PBXGroup;
			children = (
				DC3AC9651F8C434F000DAE6A /* Storyboards */,
				DC3AC9641F8C4345000DAE6A /* ViewControllers */,
				DC5E4B611EADBED900B35F2D /* ProAssets.xcassets */,
				DC3AC94C1F8C401E000DAE6A /* BPForProfesionals-Info.plist */,
			);
			path = BPProfessional;
			sourceTree = "<group>";
		};
		DC7C783C1F7C766D00D87C3D /* BPEveryone */ = {
			isa = PBXGroup;
			children = (
				DC3AC9601F8C4294000DAE6A /* BPEAssets.xcassets */,
				DC3AC9521F8C4178000DAE6A /* ViewControllers */,
				DC3AC9511F8C4161000DAE6A /* Storyboards */,
				DC3AC94E1F8C40D7000DAE6A /* BPForEveryone-Info.plist */,
			);
			path = BPEveryone;
			sourceTree = "<group>";
		};
		DC7C783F1F7C7EC000D87C3D /* Shared */ = {
			isa = PBXGroup;
			children = (
				AD68BB801FCE11BB000E6EB7 /* BPEGraph.swift */,
				DC3AC9721F8C68F6000DAE6A /* Views */,
				DC3AC9711F8C68D8000DAE6A /* Models */,
				ADFF25011FA925CD00A459CC /* BPNormsTable.swift */,
			);
			path = Shared;
			sourceTree = "<group>";
		};
/* End PBXGroup section */

/* Begin PBXNativeTarget section */
		DC5E4B531EADBED900B35F2D /* BPForProfessionals */ = {
			isa = PBXNativeTarget;
			buildConfigurationList = DC5E4B7F1EADBEDA00B35F2D /* Build configuration list for PBXNativeTarget "BPForProfessionals" */;
			buildPhases = (
				3C641C60A53B2E12E1E7C697 /* [CP] Check Pods Manifest.lock */,
				DC5E4B501EADBED900B35F2D /* Sources */,
				DC5E4B511EADBED900B35F2D /* Frameworks */,
				DC5E4B521EADBED900B35F2D /* Resources */,
				7DEBAD4235D983EC84090E51 /* [CP] Embed Pods Frameworks */,
				F7389C53F6B7A883205DC67B /* [CP] Copy Pods Resources */,
			);
			buildRules = (
			);
			dependencies = (
			);
			name = BPForProfessionals;
			productName = BPApp;
			productReference = DC5E4B541EADBED900B35F2D /* BPForProfessionals.app */;
			productType = "com.apple.product-type.application";
		};
		DC5E4B6A1EADBED900B35F2D /* BPAppTests */ = {
			isa = PBXNativeTarget;
			buildConfigurationList = DC5E4B821EADBEDA00B35F2D /* Build configuration list for PBXNativeTarget "BPAppTests" */;
			buildPhases = (
				DC5E4B671EADBED900B35F2D /* Sources */,
				DC5E4B681EADBED900B35F2D /* Frameworks */,
				DC5E4B691EADBED900B35F2D /* Resources */,
			);
			buildRules = (
			);
			dependencies = (
				DC5E4B6D1EADBED900B35F2D /* PBXTargetDependency */,
			);
			name = BPAppTests;
			productName = BPAppTests;
			productReference = DC5E4B6B1EADBED900B35F2D /* BPAppTests.xctest */;
			productType = "com.apple.product-type.bundle.unit-test";
		};
		DC5E4B751EADBED900B35F2D /* BPAppUITests */ = {
			isa = PBXNativeTarget;
			buildConfigurationList = DC5E4B851EADBEDA00B35F2D /* Build configuration list for PBXNativeTarget "BPAppUITests" */;
			buildPhases = (
				DC5E4B721EADBED900B35F2D /* Sources */,
				DC5E4B731EADBED900B35F2D /* Frameworks */,
				DC5E4B741EADBED900B35F2D /* Resources */,
			);
			buildRules = (
			);
			dependencies = (
				DC5E4B781EADBED900B35F2D /* PBXTargetDependency */,
			);
			name = BPAppUITests;
			productName = BPAppUITests;
			productReference = DC5E4B761EADBED900B35F2D /* BPAppUITests.xctest */;
			productType = "com.apple.product-type.bundle.ui-testing";
		};
		DC5E4B881EADBEF500B35F2D /* BPForEveryone */ = {
			isa = PBXNativeTarget;
			buildConfigurationList = DC5E4B921EADBEF500B35F2D /* Build configuration list for PBXNativeTarget "BPForEveryone" */;
			buildPhases = (
				6117D08121E04D34AB43EAD5 /* [CP] Check Pods Manifest.lock */,
				DC5E4B891EADBEF500B35F2D /* Sources */,
				DC5E4B8D1EADBEF500B35F2D /* Frameworks */,
				DC5E4B8E1EADBEF500B35F2D /* Resources */,
				6491B5C89870A176EA7DD350 /* [CP] Embed Pods Frameworks */,
				3654A29EE9ECBCADD30D0930 /* [CP] Copy Pods Resources */,
			);
			buildRules = (
			);
			dependencies = (
			);
			name = BPForEveryone;
			productName = BPApp;
			productReference = DC5E4B951EADBEF500B35F2D /* BPForEveryone.app */;
			productType = "com.apple.product-type.application";
		};
/* End PBXNativeTarget section */

/* Begin PBXProject section */
		DC5E4B4C1EADBED900B35F2D /* Project object */ = {
			isa = PBXProject;
			attributes = {
				LastSwiftUpdateCheck = 0830;
				LastUpgradeCheck = 0900;
				ORGANIZATIONNAME = BlackstoneBuilds;
				TargetAttributes = {
					DC5E4B531EADBED900B35F2D = {
						CreatedOnToolsVersion = 8.3.2;
						DevelopmentTeam = WPENDQLXA4;
						ProvisioningStyle = Automatic;
					};
					DC5E4B6A1EADBED900B35F2D = {
						CreatedOnToolsVersion = 8.3.2;
						ProvisioningStyle = Automatic;
						TestTargetID = DC5E4B531EADBED900B35F2D;
					};
					DC5E4B751EADBED900B35F2D = {
						CreatedOnToolsVersion = 8.3.2;
						ProvisioningStyle = Automatic;
						TestTargetID = DC5E4B531EADBED900B35F2D;
					};
					DC5E4B881EADBEF500B35F2D = {
						DevelopmentTeam = WPENDQLXA4;
					};
				};
			};
			buildConfigurationList = DC5E4B4F1EADBED900B35F2D /* Build configuration list for PBXProject "BPApp" */;
			compatibilityVersion = "Xcode 3.2";
			developmentRegion = English;
			hasScannedForEncodings = 0;
			knownRegions = (
				en,
				Base,
			);
			mainGroup = DC5E4B4B1EADBED900B35F2D;
			productRefGroup = DC5E4B551EADBED900B35F2D /* Products */;
			projectDirPath = "";
			projectRoot = "";
			targets = (
				DC5E4B531EADBED900B35F2D /* BPForProfessionals */,
				DC5E4B881EADBEF500B35F2D /* BPForEveryone */,
				DC5E4B6A1EADBED900B35F2D /* BPAppTests */,
				DC5E4B751EADBED900B35F2D /* BPAppUITests */,
			);
		};
/* End PBXProject section */

/* Begin PBXResourcesBuildPhase section */
		DC5E4B521EADBED900B35F2D /* Resources */ = {
			isa = PBXResourcesBuildPhase;
			buildActionMask = 2147483647;
			files = (
				DC3AC9691F8C4A5B000DAE6A /* BPProResources.storyboard in Resources */,
				DC3AC95D1F8C4225000DAE6A /* ProLaunchScreen.storyboard in Resources */,
				DC3AC96B1F8C4A86000DAE6A /* BPProSettings.storyboard in Resources */,
				DC3AC9611F8C42C2000DAE6A /* ProAssets.xcassets in Resources */,
				DC3AC9671F8C4A2B000DAE6A /* BPProQuickAnalysis.storyboard in Resources */,
				DC3AC95F1F8C422B000DAE6A /* BPProMain.storyboard in Resources */,
			);
			runOnlyForDeploymentPostprocessing = 0;
		};
		DC5E4B691EADBED900B35F2D /* Resources */ = {
			isa = PBXResourcesBuildPhase;
			buildActionMask = 2147483647;
			files = (
				DC3674D01F8E6CD200C4305C /* BPEResources.storyboard in Resources */,
				DC3674CD1F8E6AC300C4305C /* BPEBloodPressure.storyboard in Resources */,
				DC3674D31F8E6CDE00C4305C /* BPESettings.storyboard in Resources */,
			);
			runOnlyForDeploymentPostprocessing = 0;
		};
		DC5E4B741EADBED900B35F2D /* Resources */ = {
			isa = PBXResourcesBuildPhase;
			buildActionMask = 2147483647;
			files = (
				DC3674D11F8E6CD300C4305C /* BPEResources.storyboard in Resources */,
				DC3674CE1F8E6AC300C4305C /* BPEBloodPressure.storyboard in Resources */,
				DC3674D41F8E6CDF00C4305C /* BPESettings.storyboard in Resources */,
			);
			runOnlyForDeploymentPostprocessing = 0;
		};
		DC5E4B8E1EADBEF500B35F2D /* Resources */ = {
			isa = PBXResourcesBuildPhase;
			buildActionMask = 2147483647;
			files = (
				DC3674CF1F8E6CD200C4305C /* BPEResources.storyboard in Resources */,
				DC3674D21F8E6CDE00C4305C /* BPESettings.storyboard in Resources */,
				DC3674CC1F8E6AC300C4305C /* BPEBloodPressure.storyboard in Resources */,
				DC3AC9621F8C42CB000DAE6A /* BPEAssets.xcassets in Resources */,
				DC3AC95B1F8C421B000DAE6A /* BPEMain.storyboard in Resources */,
				DC3AC95C1F8C421E000DAE6A /* EveryoneLaunchScreen.storyboard in Resources */,
			);
			runOnlyForDeploymentPostprocessing = 0;
		};
/* End PBXResourcesBuildPhase section */

/* Begin PBXShellScriptBuildPhase section */
		3654A29EE9ECBCADD30D0930 /* [CP] Copy Pods Resources */ = {
			isa = PBXShellScriptBuildPhase;
			buildActionMask = 2147483647;
			files = (
			);
			inputPaths = (
			);
			name = "[CP] Copy Pods Resources";
			outputPaths = (
			);
			runOnlyForDeploymentPostprocessing = 0;
			shellPath = /bin/sh;
			shellScript = "\"${SRCROOT}/Pods/Target Support Files/Pods-BPForEveryone/Pods-BPForEveryone-resources.sh\"\n";
			showEnvVarsInLog = 0;
		};
		3C641C60A53B2E12E1E7C697 /* [CP] Check Pods Manifest.lock */ = {
			isa = PBXShellScriptBuildPhase;
			buildActionMask = 2147483647;
			files = (
			);
			inputPaths = (
				"${PODS_PODFILE_DIR_PATH}/Podfile.lock",
				"${PODS_ROOT}/Manifest.lock",
			);
			name = "[CP] Check Pods Manifest.lock";
			outputPaths = (
				"$(DERIVED_FILE_DIR)/Pods-BPForProfessionals-checkManifestLockResult.txt",
			);
			runOnlyForDeploymentPostprocessing = 0;
			shellPath = /bin/sh;
			shellScript = "diff \"${PODS_PODFILE_DIR_PATH}/Podfile.lock\" \"${PODS_ROOT}/Manifest.lock\" > /dev/null\nif [ $? != 0 ] ; then\n    # print error to STDERR\n    echo \"error: The sandbox is not in sync with the Podfile.lock. Run 'pod install' or update your CocoaPods installation.\" >&2\n    exit 1\nfi\n# This output is used by Xcode 'outputs' to avoid re-running this script phase.\necho \"SUCCESS\" > \"${SCRIPT_OUTPUT_FILE_0}\"\n";
			showEnvVarsInLog = 0;
		};
		6117D08121E04D34AB43EAD5 /* [CP] Check Pods Manifest.lock */ = {
			isa = PBXShellScriptBuildPhase;
			buildActionMask = 2147483647;
			files = (
			);
			inputPaths = (
				"${PODS_PODFILE_DIR_PATH}/Podfile.lock",
				"${PODS_ROOT}/Manifest.lock",
			);
			name = "[CP] Check Pods Manifest.lock";
			outputPaths = (
				"$(DERIVED_FILE_DIR)/Pods-BPForEveryone-checkManifestLockResult.txt",
			);
			runOnlyForDeploymentPostprocessing = 0;
			shellPath = /bin/sh;
			shellScript = "diff \"${PODS_PODFILE_DIR_PATH}/Podfile.lock\" \"${PODS_ROOT}/Manifest.lock\" > /dev/null\nif [ $? != 0 ] ; then\n    # print error to STDERR\n    echo \"error: The sandbox is not in sync with the Podfile.lock. Run 'pod install' or update your CocoaPods installation.\" >&2\n    exit 1\nfi\n# This output is used by Xcode 'outputs' to avoid re-running this script phase.\necho \"SUCCESS\" > \"${SCRIPT_OUTPUT_FILE_0}\"\n";
			showEnvVarsInLog = 0;
		};
		6491B5C89870A176EA7DD350 /* [CP] Embed Pods Frameworks */ = {
			isa = PBXShellScriptBuildPhase;
			buildActionMask = 2147483647;
			files = (
			);
			inputPaths = (
				"${SRCROOT}/Pods/Target Support Files/Pods-BPForEveryone/Pods-BPForEveryone-frameworks.sh",
				"${BUILT_PRODUCTS_DIR}/Charts/Charts.framework",
				"${BUILT_PRODUCTS_DIR}/CorePlot/CorePlot.framework",
			);
			name = "[CP] Embed Pods Frameworks";
			outputPaths = (
				"${TARGET_BUILD_DIR}/${FRAMEWORKS_FOLDER_PATH}/Charts.framework",
				"${TARGET_BUILD_DIR}/${FRAMEWORKS_FOLDER_PATH}/CorePlot.framework",
			);
			runOnlyForDeploymentPostprocessing = 0;
			shellPath = /bin/sh;
			shellScript = "\"${SRCROOT}/Pods/Target Support Files/Pods-BPForEveryone/Pods-BPForEveryone-frameworks.sh\"\n";
			showEnvVarsInLog = 0;
		};
		7DEBAD4235D983EC84090E51 /* [CP] Embed Pods Frameworks */ = {
			isa = PBXShellScriptBuildPhase;
			buildActionMask = 2147483647;
			files = (
			);
			inputPaths = (
				"${SRCROOT}/Pods/Target Support Files/Pods-BPForProfessionals/Pods-BPForProfessionals-frameworks.sh",
				"${BUILT_PRODUCTS_DIR}/Charts/Charts.framework",
				"${BUILT_PRODUCTS_DIR}/CorePlot/CorePlot.framework",
			);
			name = "[CP] Embed Pods Frameworks";
			outputPaths = (
				"${TARGET_BUILD_DIR}/${FRAMEWORKS_FOLDER_PATH}/Charts.framework",
				"${TARGET_BUILD_DIR}/${FRAMEWORKS_FOLDER_PATH}/CorePlot.framework",
			);
			runOnlyForDeploymentPostprocessing = 0;
			shellPath = /bin/sh;
			shellScript = "\"${SRCROOT}/Pods/Target Support Files/Pods-BPForProfessionals/Pods-BPForProfessionals-frameworks.sh\"\n";
			showEnvVarsInLog = 0;
		};
		F7389C53F6B7A883205DC67B /* [CP] Copy Pods Resources */ = {
			isa = PBXShellScriptBuildPhase;
			buildActionMask = 2147483647;
			files = (
			);
			inputPaths = (
			);
			name = "[CP] Copy Pods Resources";
			outputPaths = (
			);
			runOnlyForDeploymentPostprocessing = 0;
			shellPath = /bin/sh;
			shellScript = "\"${SRCROOT}/Pods/Target Support Files/Pods-BPForProfessionals/Pods-BPForProfessionals-resources.sh\"\n";
			showEnvVarsInLog = 0;
		};
/* End PBXShellScriptBuildPhase section */

/* Begin PBXSourcesBuildPhase section */
		DC5E4B501EADBED900B35F2D /* Sources */ = {
			isa = PBXSourcesBuildPhase;
			buildActionMask = 2147483647;
			files = (
				28F55EF81F7DD03300B17BBB /* BPAnalysisResultsViewController.swift in Sources */,
				DC3AC9561F8C41F5000DAE6A /* BloodPressureMeasurement.swift in Sources */,
				AD7D33EB1F7F00B100A2C15A /* QuickBPAnalysisViewController.swift in Sources */,
				AD4AF1451F7D989600F416A4 /* Config.swift in Sources */,
				AD0A18231FB5021900D3056A /* Height.swift in Sources */,
				2870640C1F946AA6006E811A /* BPProGraphViewController.swift in Sources */,
				DC5E4B601EADBED900B35F2D /* BPApp.xcdatamodeld in Sources */,
				AD68BB811FCE11BB000E6EB7 /* BPEGraph.swift in Sources */,
				AD9BEE201F80B35300F1C986 /* BirthDay.swift in Sources */,
				575FD7811F7DC3620050EF52 /* BPProSettingsViewController.swift in Sources */,
				DC5E4B5A1EADBED900B35F2D /* BPProMainViewController.swift in Sources */,
				ADE764CB1FAF9B9E00A119A9 /* BPNormsEntry.swift in Sources */,
				ADFF25021FA925CD00A459CC /* BPNormsTable.swift in Sources */,
				DC5E4B581EADBED900B35F2D /* AppDelegate.swift in Sources */,
				282558A61FB8E171009EC4C2 /* Article.swift in Sources */,
				DC38320C1EAE3A1600804EDF /* BPProResourceTableViewController.swift in Sources */,
				DC7C78411F7C82B300D87C3D /* Patient.swift in Sources */,
			);
			runOnlyForDeploymentPostprocessing = 0;
		};
		DC5E4B671EADBED900B35F2D /* Sources */ = {
			isa = PBXSourcesBuildPhase;
			buildActionMask = 2147483647;
			files = (
				ADE764CD1FAF9C0400A119A9 /* BPNormsEntry.swift in Sources */,
				AD5CFD9C1F8B18E700D9BDD9 /* PageViewStaticListController.swift in Sources */,
				AD0A18251FB5050800D3056A /* Height.swift in Sources */,
				AD9BEE221F80B4FF00F1C986 /* BirthDay.swift in Sources */,
				DC3AC9581F8C41FD000DAE6A /* BloodPressureMeasurement.swift in Sources */,
				ADFF25041FA925CD00A459CC /* BPNormsTable.swift in Sources */,
				AD4AF1441F7D989600F416A4 /* Config.swift in Sources */,
				DC5E4B701EADBED900B35F2D /* BPAppTests.swift in Sources */,
				DC7C78421F7C82B500D87C3D /* Patient.swift in Sources */,
			);
			runOnlyForDeploymentPostprocessing = 0;
		};
		DC5E4B721EADBED900B35F2D /* Sources */ = {
			isa = PBXSourcesBuildPhase;
			buildActionMask = 2147483647;
			files = (
				ADE764CE1FAF9C0500A119A9 /* BPNormsEntry.swift in Sources */,
				AD5CFD9D1F8B18E700D9BDD9 /* PageViewStaticListController.swift in Sources */,
				AD0A18261FB5050900D3056A /* Height.swift in Sources */,
				AD9BEE231F80B4FF00F1C986 /* BirthDay.swift in Sources */,
				DC3AC9591F8C41FE000DAE6A /* BloodPressureMeasurement.swift in Sources */,
				ADFF25051FA925CD00A459CC /* BPNormsTable.swift in Sources */,
				AD4AF1421F7D989600F416A4 /* Config.swift in Sources */,
				DC5E4B7B1EADBED900B35F2D /* BPAppUITests.swift in Sources */,
				DC7C78431F7C82B600D87C3D /* Patient.swift in Sources */,
			);
			runOnlyForDeploymentPostprocessing = 0;
		};
		DC5E4B891EADBEF500B35F2D /* Sources */ = {
			isa = PBXSourcesBuildPhase;
			buildActionMask = 2147483647;
			files = (
				AD5CFD931F8AE9BD00D9BDD9 /* BPEBPListViewController.swift in Sources */,
				DC3AC9571F8C41F5000DAE6A /* BloodPressureMeasurement.swift in Sources */,
				DC685B361F7B422000EF7C21 /* BPEAddPatientViewController.swift in Sources */,
				DC2633381F7F1D5100945319 /* BPEPatientDetailViewController.swift in Sources */,
				AD4AF1431F7D989600F416A4 /* Config.swift in Sources */,
				AD68BB841FCE1873000E6EB7 /* BPEPatientGraphViewController.swift in Sources */,
				DC3832121EAE44DC00804EDF /* BPESettingsViewController.swift in Sources */,
				AD68BB821FCE11BB000E6EB7 /* BPEGraph.swift in Sources */,
				DC5E4B8A1EADBEF500B35F2D /* BPApp.xcdatamodeld in Sources */,
				ADE764CC1FAF9C0300A119A9 /* BPNormsEntry.swift in Sources */,
				DC3832061EAE2E2D00804EDF /* BPEMainViewController.swift in Sources */,
				DC26333C1F7F1E0C00945319 /* BPERecordBPViewController.swift in Sources */,
				DC3832101EAE415400804EDF /* BPEResourceTableViewController.swift in Sources */,
				DC5E4B8C1EADBEF500B35F2D /* AppDelegate.swift in Sources */,
				AD9BEE211F80B4FE00F1C986 /* BirthDay.swift in Sources */,
				DC38320E1EAE3EE100804EDF /* BPETrackUsersViewController.swift in Sources */,
				282558A71FB8E171009EC4C2 /* Article.swift in Sources */,
				DC26333A1F7F1DC600945319 /* BPEPatientEditViewController.swift in Sources */,
				ADFF25031FA925CD00A459CC /* BPNormsTable.swift in Sources */,
				AD0A18241FB5050700D3056A /* Height.swift in Sources */,
				AD5CFD971F8B155400D9BDD9 /* BPEPatientDetailPageViewController.swift in Sources */,
				DC7C78401F7C82B200D87C3D /* Patient.swift in Sources */,
				AD5CFD9B1F8B18E700D9BDD9 /* PageViewStaticListController.swift in Sources */,
			);
			runOnlyForDeploymentPostprocessing = 0;
		};
/* End PBXSourcesBuildPhase section */

/* Begin PBXTargetDependency section */
		DC5E4B6D1EADBED900B35F2D /* PBXTargetDependency */ = {
			isa = PBXTargetDependency;
			target = DC5E4B531EADBED900B35F2D /* BPForProfessionals */;
			targetProxy = DC5E4B6C1EADBED900B35F2D /* PBXContainerItemProxy */;
		};
		DC5E4B781EADBED900B35F2D /* PBXTargetDependency */ = {
			isa = PBXTargetDependency;
			target = DC5E4B531EADBED900B35F2D /* BPForProfessionals */;
			targetProxy = DC5E4B771EADBED900B35F2D /* PBXContainerItemProxy */;
		};
/* End PBXTargetDependency section */

/* Begin XCBuildConfiguration section */
		DC5E4B7D1EADBEDA00B35F2D /* Debug */ = {
			isa = XCBuildConfiguration;
			buildSettings = {
				ALWAYS_SEARCH_USER_PATHS = NO;
				CLANG_ANALYZER_NONNULL = YES;
				CLANG_ANALYZER_NUMBER_OBJECT_CONVERSION = YES_AGGRESSIVE;
				CLANG_CXX_LANGUAGE_STANDARD = "gnu++0x";
				CLANG_CXX_LIBRARY = "libc++";
				CLANG_ENABLE_MODULES = YES;
				CLANG_ENABLE_OBJC_ARC = YES;
				CLANG_WARN_BLOCK_CAPTURE_AUTORELEASING = YES;
				CLANG_WARN_BOOL_CONVERSION = YES;
				CLANG_WARN_COMMA = YES;
				CLANG_WARN_CONSTANT_CONVERSION = YES;
				CLANG_WARN_DIRECT_OBJC_ISA_USAGE = YES_ERROR;
				CLANG_WARN_DOCUMENTATION_COMMENTS = YES;
				CLANG_WARN_EMPTY_BODY = YES;
				CLANG_WARN_ENUM_CONVERSION = YES;
				CLANG_WARN_INFINITE_RECURSION = YES;
				CLANG_WARN_INT_CONVERSION = YES;
				CLANG_WARN_NON_LITERAL_NULL_CONVERSION = YES;
				CLANG_WARN_OBJC_LITERAL_CONVERSION = YES;
				CLANG_WARN_OBJC_ROOT_CLASS = YES_ERROR;
				CLANG_WARN_RANGE_LOOP_ANALYSIS = YES;
				CLANG_WARN_STRICT_PROTOTYPES = YES;
				CLANG_WARN_SUSPICIOUS_MOVE = YES;
				CLANG_WARN_UNREACHABLE_CODE = YES;
				CLANG_WARN__DUPLICATE_METHOD_MATCH = YES;
				"CODE_SIGN_IDENTITY[sdk=iphoneos*]" = "iPhone Developer";
				COPY_PHASE_STRIP = NO;
				DEBUG_INFORMATION_FORMAT = dwarf;
				ENABLE_STRICT_OBJC_MSGSEND = YES;
				ENABLE_TESTABILITY = YES;
				GCC_C_LANGUAGE_STANDARD = gnu99;
				GCC_DYNAMIC_NO_PIC = NO;
				GCC_NO_COMMON_BLOCKS = YES;
				GCC_OPTIMIZATION_LEVEL = 0;
				GCC_PREPROCESSOR_DEFINITIONS = (
					"DEBUG=1",
					"$(inherited)",
				);
				GCC_WARN_64_TO_32_BIT_CONVERSION = YES;
				GCC_WARN_ABOUT_RETURN_TYPE = YES_ERROR;
				GCC_WARN_UNDECLARED_SELECTOR = YES;
				GCC_WARN_UNINITIALIZED_AUTOS = YES_AGGRESSIVE;
				GCC_WARN_UNUSED_FUNCTION = YES;
				GCC_WARN_UNUSED_VARIABLE = YES;
				IPHONEOS_DEPLOYMENT_TARGET = 10.3;
				MTL_ENABLE_DEBUG_INFO = YES;
				ONLY_ACTIVE_ARCH = YES;
				SDKROOT = iphoneos;
				SWIFT_ACTIVE_COMPILATION_CONDITIONS = DEBUG;
				SWIFT_OPTIMIZATION_LEVEL = "-Onone";
			};
			name = Debug;
		};
		DC5E4B7E1EADBEDA00B35F2D /* Release */ = {
			isa = XCBuildConfiguration;
			buildSettings = {
				ALWAYS_SEARCH_USER_PATHS = NO;
				CLANG_ANALYZER_NONNULL = YES;
				CLANG_ANALYZER_NUMBER_OBJECT_CONVERSION = YES_AGGRESSIVE;
				CLANG_CXX_LANGUAGE_STANDARD = "gnu++0x";
				CLANG_CXX_LIBRARY = "libc++";
				CLANG_ENABLE_MODULES = YES;
				CLANG_ENABLE_OBJC_ARC = YES;
				CLANG_WARN_BLOCK_CAPTURE_AUTORELEASING = YES;
				CLANG_WARN_BOOL_CONVERSION = YES;
				CLANG_WARN_COMMA = YES;
				CLANG_WARN_CONSTANT_CONVERSION = YES;
				CLANG_WARN_DIRECT_OBJC_ISA_USAGE = YES_ERROR;
				CLANG_WARN_DOCUMENTATION_COMMENTS = YES;
				CLANG_WARN_EMPTY_BODY = YES;
				CLANG_WARN_ENUM_CONVERSION = YES;
				CLANG_WARN_INFINITE_RECURSION = YES;
				CLANG_WARN_INT_CONVERSION = YES;
				CLANG_WARN_NON_LITERAL_NULL_CONVERSION = YES;
				CLANG_WARN_OBJC_LITERAL_CONVERSION = YES;
				CLANG_WARN_OBJC_ROOT_CLASS = YES_ERROR;
				CLANG_WARN_RANGE_LOOP_ANALYSIS = YES;
				CLANG_WARN_STRICT_PROTOTYPES = YES;
				CLANG_WARN_SUSPICIOUS_MOVE = YES;
				CLANG_WARN_UNREACHABLE_CODE = YES;
				CLANG_WARN__DUPLICATE_METHOD_MATCH = YES;
				"CODE_SIGN_IDENTITY[sdk=iphoneos*]" = "iPhone Developer";
				COPY_PHASE_STRIP = NO;
				DEBUG_INFORMATION_FORMAT = "dwarf-with-dsym";
				ENABLE_NS_ASSERTIONS = NO;
				ENABLE_STRICT_OBJC_MSGSEND = YES;
				GCC_C_LANGUAGE_STANDARD = gnu99;
				GCC_NO_COMMON_BLOCKS = YES;
				GCC_WARN_64_TO_32_BIT_CONVERSION = YES;
				GCC_WARN_ABOUT_RETURN_TYPE = YES_ERROR;
				GCC_WARN_UNDECLARED_SELECTOR = YES;
				GCC_WARN_UNINITIALIZED_AUTOS = YES_AGGRESSIVE;
				GCC_WARN_UNUSED_FUNCTION = YES;
				GCC_WARN_UNUSED_VARIABLE = YES;
				IPHONEOS_DEPLOYMENT_TARGET = 10.3;
				MTL_ENABLE_DEBUG_INFO = NO;
				SDKROOT = iphoneos;
				SWIFT_OPTIMIZATION_LEVEL = "-Owholemodule";
				VALIDATE_PRODUCT = YES;
			};
			name = Release;
		};
		DC5E4B801EADBEDA00B35F2D /* Debug */ = {
			isa = XCBuildConfiguration;
			baseConfigurationReference = 90D5D19926BAA8FF97FA18BC /* Pods-BPForProfessionals.debug.xcconfig */;
			buildSettings = {
				ASSETCATALOG_COMPILER_APPICON_NAME = AppIcon;
				ASSETCATALOG_COMPILER_LAUNCHIMAGE_NAME = LaunchImage;
				DEVELOPMENT_TEAM = WPENDQLXA4;
				INFOPLIST_FILE = "$(SRCROOT)/BPApp/BPProfessional/BPForProfesionals-Info.plist";
				LD_RUNPATH_SEARCH_PATHS = "$(inherited) @executable_path/Frameworks";
				PRODUCT_BUNDLE_IDENTIFIER = com.blackstone.BPForProfessionals;
				PRODUCT_NAME = "$(TARGET_NAME)";
				SWIFT_VERSION = 3.0;
			};
			name = Debug;
		};
		DC5E4B811EADBEDA00B35F2D /* Release */ = {
			isa = XCBuildConfiguration;
			baseConfigurationReference = 165115CA59EE456379F2225C /* Pods-BPForProfessionals.release.xcconfig */;
			buildSettings = {
				ASSETCATALOG_COMPILER_APPICON_NAME = AppIcon;
				ASSETCATALOG_COMPILER_LAUNCHIMAGE_NAME = LaunchImage;
				DEVELOPMENT_TEAM = WPENDQLXA4;
				INFOPLIST_FILE = "$(SRCROOT)/BPApp/BPProfessional/BPForProfesionals-Info.plist";
				LD_RUNPATH_SEARCH_PATHS = "$(inherited) @executable_path/Frameworks";
				PRODUCT_BUNDLE_IDENTIFIER = com.blackstone.BPForProfessionals;
				PRODUCT_NAME = "$(TARGET_NAME)";
				SWIFT_VERSION = 3.0;
			};
			name = Release;
		};
		DC5E4B831EADBEDA00B35F2D /* Debug */ = {
			isa = XCBuildConfiguration;
			buildSettings = {
				ALWAYS_EMBED_SWIFT_STANDARD_LIBRARIES = YES;
				BUNDLE_LOADER = "$(TEST_HOST)";
				INFOPLIST_FILE = BPAppTests/Info.plist;
				LD_RUNPATH_SEARCH_PATHS = "$(inherited) @executable_path/Frameworks @loader_path/Frameworks";
				PRODUCT_BUNDLE_IDENTIFIER = com.blackstone.BPAppTests;
				PRODUCT_NAME = "$(TARGET_NAME)";
				SWIFT_VERSION = 3.0;
				TEST_HOST = "$(BUILT_PRODUCTS_DIR)/BPApp.app/BPApp";
			};
			name = Debug;
		};
		DC5E4B841EADBEDA00B35F2D /* Release */ = {
			isa = XCBuildConfiguration;
			buildSettings = {
				ALWAYS_EMBED_SWIFT_STANDARD_LIBRARIES = YES;
				BUNDLE_LOADER = "$(TEST_HOST)";
				INFOPLIST_FILE = BPAppTests/Info.plist;
				LD_RUNPATH_SEARCH_PATHS = "$(inherited) @executable_path/Frameworks @loader_path/Frameworks";
				PRODUCT_BUNDLE_IDENTIFIER = com.blackstone.BPAppTests;
				PRODUCT_NAME = "$(TARGET_NAME)";
				SWIFT_VERSION = 3.0;
				TEST_HOST = "$(BUILT_PRODUCTS_DIR)/BPApp.app/BPApp";
			};
			name = Release;
		};
		DC5E4B861EADBEDA00B35F2D /* Debug */ = {
			isa = XCBuildConfiguration;
			buildSettings = {
				ALWAYS_EMBED_SWIFT_STANDARD_LIBRARIES = YES;
				INFOPLIST_FILE = BPAppUITests/Info.plist;
				LD_RUNPATH_SEARCH_PATHS = "$(inherited) @executable_path/Frameworks @loader_path/Frameworks";
				PRODUCT_BUNDLE_IDENTIFIER = com.blackstone.BPAppUITests;
				PRODUCT_NAME = "$(TARGET_NAME)";
				SWIFT_VERSION = 3.0;
				TEST_TARGET_NAME = BPApp;
			};
			name = Debug;
		};
		DC5E4B871EADBEDA00B35F2D /* Release */ = {
			isa = XCBuildConfiguration;
			buildSettings = {
				ALWAYS_EMBED_SWIFT_STANDARD_LIBRARIES = YES;
				INFOPLIST_FILE = BPAppUITests/Info.plist;
				LD_RUNPATH_SEARCH_PATHS = "$(inherited) @executable_path/Frameworks @loader_path/Frameworks";
				PRODUCT_BUNDLE_IDENTIFIER = com.blackstone.BPAppUITests;
				PRODUCT_NAME = "$(TARGET_NAME)";
				SWIFT_VERSION = 3.0;
				TEST_TARGET_NAME = BPApp;
			};
			name = Release;
		};
		DC5E4B931EADBEF500B35F2D /* Debug */ = {
			isa = XCBuildConfiguration;
			baseConfigurationReference = F4F014FF2BD8EBDD99E87404 /* Pods-BPForEveryone.debug.xcconfig */;
			buildSettings = {
				ASSETCATALOG_COMPILER_APPICON_NAME = AppIcon;
				ASSETCATALOG_COMPILER_LAUNCHIMAGE_NAME = LaunchImage;
				DEVELOPMENT_TEAM = WPENDQLXA4;
				INFOPLIST_FILE = "$(SRCROOT)/BPApp/BPEveryone/BPForEveryone-Info.plist";
				LD_RUNPATH_SEARCH_PATHS = "$(inherited) @executable_path/Frameworks";
				PRODUCT_BUNDLE_IDENTIFIER = com.blackstone.BPForEveryone;
				PRODUCT_NAME = "$(TARGET_NAME)";
				SWIFT_VERSION = 3.0;
			};
			name = Debug;
		};
		DC5E4B941EADBEF500B35F2D /* Release */ = {
			isa = XCBuildConfiguration;
			baseConfigurationReference = ED8F6D5253249E49650FDCF0 /* Pods-BPForEveryone.release.xcconfig */;
			buildSettings = {
				ASSETCATALOG_COMPILER_APPICON_NAME = AppIcon;
				ASSETCATALOG_COMPILER_LAUNCHIMAGE_NAME = LaunchImage;
				DEVELOPMENT_TEAM = WPENDQLXA4;
				INFOPLIST_FILE = "$(SRCROOT)/BPApp/BPEveryone/BPForEveryone-Info.plist";
				LD_RUNPATH_SEARCH_PATHS = "$(inherited) @executable_path/Frameworks";
				PRODUCT_BUNDLE_IDENTIFIER = com.blackstone.BPForEveryone;
				PRODUCT_NAME = "$(TARGET_NAME)";
				SWIFT_VERSION = 3.0;
			};
			name = Release;
		};
/* End XCBuildConfiguration section */

/* Begin XCConfigurationList section */
		DC5E4B4F1EADBED900B35F2D /* Build configuration list for PBXProject "BPApp" */ = {
			isa = XCConfigurationList;
			buildConfigurations = (
				DC5E4B7D1EADBEDA00B35F2D /* Debug */,
				DC5E4B7E1EADBEDA00B35F2D /* Release */,
			);
			defaultConfigurationIsVisible = 0;
			defaultConfigurationName = Release;
		};
		DC5E4B7F1EADBEDA00B35F2D /* Build configuration list for PBXNativeTarget "BPForProfessionals" */ = {
			isa = XCConfigurationList;
			buildConfigurations = (
				DC5E4B801EADBEDA00B35F2D /* Debug */,
				DC5E4B811EADBEDA00B35F2D /* Release */,
			);
			defaultConfigurationIsVisible = 0;
			defaultConfigurationName = Release;
		};
		DC5E4B821EADBEDA00B35F2D /* Build configuration list for PBXNativeTarget "BPAppTests" */ = {
			isa = XCConfigurationList;
			buildConfigurations = (
				DC5E4B831EADBEDA00B35F2D /* Debug */,
				DC5E4B841EADBEDA00B35F2D /* Release */,
			);
			defaultConfigurationIsVisible = 0;
			defaultConfigurationName = Release;
		};
		DC5E4B851EADBEDA00B35F2D /* Build configuration list for PBXNativeTarget "BPAppUITests" */ = {
			isa = XCConfigurationList;
			buildConfigurations = (
				DC5E4B861EADBEDA00B35F2D /* Debug */,
				DC5E4B871EADBEDA00B35F2D /* Release */,
			);
			defaultConfigurationIsVisible = 0;
			defaultConfigurationName = Release;
		};
		DC5E4B921EADBEF500B35F2D /* Build configuration list for PBXNativeTarget "BPForEveryone" */ = {
			isa = XCConfigurationList;
			buildConfigurations = (
				DC5E4B931EADBEF500B35F2D /* Debug */,
				DC5E4B941EADBEF500B35F2D /* Release */,
			);
			defaultConfigurationIsVisible = 0;
			defaultConfigurationName = Release;
		};
/* End XCConfigurationList section */

/* Begin XCVersionGroup section */
		DC5E4B5E1EADBED900B35F2D /* BPApp.xcdatamodeld */ = {
			isa = XCVersionGroup;
			children = (
				DC5E4B5F1EADBED900B35F2D /* BPApp.xcdatamodel */,
			);
			currentVersion = DC5E4B5F1EADBED900B35F2D /* BPApp.xcdatamodel */;
			path = BPApp.xcdatamodeld;
			sourceTree = "<group>";
			versionGroupType = wrapper.xcdatamodel;
		};
/* End XCVersionGroup section */
	};
	rootObject = DC5E4B4C1EADBED900B35F2D /* Project object */;
}
