// !$*UTF8*$!
{
	archiveVersion = 1;
	classes = {
	};
	objectVersion = 46;
	objects = {

/* Begin PBXBuildFile section */
		DC3832061EAE2E2D00804EDF /* BPEMainViewController.swift in Sources */ = {isa = PBXBuildFile; fileRef = DC3832051EAE2E2D00804EDF /* BPEMainViewController.swift */; };
		DC38320C1EAE3A1600804EDF /* BPProResourceTableViewController.swift in Sources */ = {isa = PBXBuildFile; fileRef = DC38320B1EAE3A1600804EDF /* BPProResourceTableViewController.swift */; };
		DC38320E1EAE3EE100804EDF /* BPETrackUsersViewController.swift in Sources */ = {isa = PBXBuildFile; fileRef = DC38320D1EAE3EE100804EDF /* BPETrackUsersViewController.swift */; };
		DC3832101EAE415400804EDF /* BPEResourceTableViewController.swift in Sources */ = {isa = PBXBuildFile; fileRef = DC38320F1EAE415400804EDF /* BPEResourceTableViewController.swift */; };
		DC3832121EAE44DC00804EDF /* BPESettingsViewController.swift in Sources */ = {isa = PBXBuildFile; fileRef = DC3832111EAE44DC00804EDF /* BPESettingsViewController.swift */; };
		DC5E4B581EADBED900B35F2D /* AppDelegate.swift in Sources */ = {isa = PBXBuildFile; fileRef = DC5E4B571EADBED900B35F2D /* AppDelegate.swift */; };
		DC5E4B5A1EADBED900B35F2D /* BPProMainViewController.swift in Sources */ = {isa = PBXBuildFile; fileRef = DC5E4B591EADBED900B35F2D /* BPProMainViewController.swift */; };
		DC5E4B5D1EADBED900B35F2D /* BPProMain.storyboard in Resources */ = {isa = PBXBuildFile; fileRef = DC5E4B5B1EADBED900B35F2D /* BPProMain.storyboard */; };
		DC5E4B601EADBED900B35F2D /* BPApp.xcdatamodeld in Sources */ = {isa = PBXBuildFile; fileRef = DC5E4B5E1EADBED900B35F2D /* BPApp.xcdatamodeld */; };
		DC5E4B621EADBED900B35F2D /* Assets.xcassets in Resources */ = {isa = PBXBuildFile; fileRef = DC5E4B611EADBED900B35F2D /* Assets.xcassets */; };
		DC5E4B651EADBED900B35F2D /* ProLaunchScreen.storyboard in Resources */ = {isa = PBXBuildFile; fileRef = DC5E4B631EADBED900B35F2D /* ProLaunchScreen.storyboard */; };
		DC5E4B701EADBED900B35F2D /* BPAppTests.swift in Sources */ = {isa = PBXBuildFile; fileRef = DC5E4B6F1EADBED900B35F2D /* BPAppTests.swift */; };
		DC5E4B7B1EADBED900B35F2D /* BPAppUITests.swift in Sources */ = {isa = PBXBuildFile; fileRef = DC5E4B7A1EADBED900B35F2D /* BPAppUITests.swift */; };
		DC5E4B8A1EADBEF500B35F2D /* BPApp.xcdatamodeld in Sources */ = {isa = PBXBuildFile; fileRef = DC5E4B5E1EADBED900B35F2D /* BPApp.xcdatamodeld */; };
		DC5E4B8B1EADBEF500B35F2D /* BPProMainViewController.swift in Sources */ = {isa = PBXBuildFile; fileRef = DC5E4B591EADBED900B35F2D /* BPProMainViewController.swift */; };
		DC5E4B8C1EADBEF500B35F2D /* AppDelegate.swift in Sources */ = {isa = PBXBuildFile; fileRef = DC5E4B571EADBED900B35F2D /* AppDelegate.swift */; };
		DC5E4B8F1EADBEF500B35F2D /* ProLaunchScreen.storyboard in Resources */ = {isa = PBXBuildFile; fileRef = DC5E4B631EADBED900B35F2D /* ProLaunchScreen.storyboard */; };
		DC5E4B901EADBEF500B35F2D /* Assets.xcassets in Resources */ = {isa = PBXBuildFile; fileRef = DC5E4B611EADBED900B35F2D /* Assets.xcassets */; };
		DC5E4B911EADBEF500B35F2D /* BPProMain.storyboard in Resources */ = {isa = PBXBuildFile; fileRef = DC5E4B5B1EADBED900B35F2D /* BPProMain.storyboard */; };
		DC5E4B981EADCEB200B35F2D /* QuickBPAnalysisViewController.swift in Sources */ = {isa = PBXBuildFile; fileRef = DC5E4B971EADCEB200B35F2D /* QuickBPAnalysisViewController.swift */; };
		DC5E4B9A1EADD2F800B35F2D /* BPEMain.storyboard in Resources */ = {isa = PBXBuildFile; fileRef = DC5E4B991EADD2F800B35F2D /* BPEMain.storyboard */; };
/* End PBXBuildFile section */

/* Begin PBXContainerItemProxy section */
		DC5E4B6C1EADBED900B35F2D /* PBXContainerItemProxy */ = {
			isa = PBXContainerItemProxy;
			containerPortal = DC5E4B4C1EADBED900B35F2D /* Project object */;
			proxyType = 1;
			remoteGlobalIDString = DC5E4B531EADBED900B35F2D;
			remoteInfo = BPApp;
		};
		DC5E4B771EADBED900B35F2D /* PBXContainerItemProxy */ = {
			isa = PBXContainerItemProxy;
			containerPortal = DC5E4B4C1EADBED900B35F2D /* Project object */;
			proxyType = 1;
			remoteGlobalIDString = DC5E4B531EADBED900B35F2D;
			remoteInfo = BPApp;
		};
/* End PBXContainerItemProxy section */

/* Begin PBXFileReference section */
		DC3832051EAE2E2D00804EDF /* BPEMainViewController.swift */ = {isa = PBXFileReference; fileEncoding = 4; lastKnownFileType = sourcecode.swift; path = BPEMainViewController.swift; sourceTree = "<group>"; };
		DC38320B1EAE3A1600804EDF /* BPProResourceTableViewController.swift */ = {isa = PBXFileReference; fileEncoding = 4; lastKnownFileType = sourcecode.swift; name = BPProResourceTableViewController.swift; path = ../BPProResourceTableViewController.swift; sourceTree = "<group>"; };
		DC38320D1EAE3EE100804EDF /* BPETrackUsersViewController.swift */ = {isa = PBXFileReference; fileEncoding = 4; lastKnownFileType = sourcecode.swift; path = BPETrackUsersViewController.swift; sourceTree = "<group>"; };
		DC38320F1EAE415400804EDF /* BPEResourceTableViewController.swift */ = {isa = PBXFileReference; fileEncoding = 4; lastKnownFileType = sourcecode.swift; path = BPEResourceTableViewController.swift; sourceTree = "<group>"; };
		DC3832111EAE44DC00804EDF /* BPESettingsViewController.swift */ = {isa = PBXFileReference; fileEncoding = 4; lastKnownFileType = sourcecode.swift; path = BPESettingsViewController.swift; sourceTree = "<group>"; };
		DC5E4B541EADBED900B35F2D /* BPForProfessionals.app */ = {isa = PBXFileReference; explicitFileType = wrapper.application; includeInIndex = 0; path = BPForProfessionals.app; sourceTree = BUILT_PRODUCTS_DIR; };
		DC5E4B571EADBED900B35F2D /* AppDelegate.swift */ = {isa = PBXFileReference; lastKnownFileType = sourcecode.swift; path = AppDelegate.swift; sourceTree = "<group>"; };
		DC5E4B591EADBED900B35F2D /* BPProMainViewController.swift */ = {isa = PBXFileReference; lastKnownFileType = sourcecode.swift; path = BPProMainViewController.swift; sourceTree = "<group>"; };
		DC5E4B5C1EADBED900B35F2D /* Base */ = {isa = PBXFileReference; lastKnownFileType = file.storyboard; name = Base; path = Base.lproj/BPProMain.storyboard; sourceTree = "<group>"; };
		DC5E4B5F1EADBED900B35F2D /* BPApp.xcdatamodel */ = {isa = PBXFileReference; lastKnownFileType = wrapper.xcdatamodel; path = BPApp.xcdatamodel; sourceTree = "<group>"; };
		DC5E4B611EADBED900B35F2D /* Assets.xcassets */ = {isa = PBXFileReference; lastKnownFileType = folder.assetcatalog; path = Assets.xcassets; sourceTree = "<group>"; };
		DC5E4B641EADBED900B35F2D /* Base */ = {isa = PBXFileReference; lastKnownFileType = file.storyboard; name = Base; path = Base.lproj/ProLaunchScreen.storyboard; sourceTree = "<group>"; };
		DC5E4B661EADBED900B35F2D /* BPForProfesionals-Info.plist */ = {isa = PBXFileReference; lastKnownFileType = text.plist.xml; path = "BPForProfesionals-Info.plist"; sourceTree = "<group>"; };
		DC5E4B6B1EADBED900B35F2D /* BPAppTests.xctest */ = {isa = PBXFileReference; explicitFileType = wrapper.cfbundle; includeInIndex = 0; path = BPAppTests.xctest; sourceTree = BUILT_PRODUCTS_DIR; };
		DC5E4B6F1EADBED900B35F2D /* BPAppTests.swift */ = {isa = PBXFileReference; lastKnownFileType = sourcecode.swift; path = BPAppTests.swift; sourceTree = "<group>"; };
		DC5E4B711EADBED900B35F2D /* Info.plist */ = {isa = PBXFileReference; lastKnownFileType = text.plist.xml; path = Info.plist; sourceTree = "<group>"; };
		DC5E4B761EADBED900B35F2D /* BPAppUITests.xctest */ = {isa = PBXFileReference; explicitFileType = wrapper.cfbundle; includeInIndex = 0; path = BPAppUITests.xctest; sourceTree = BUILT_PRODUCTS_DIR; };
		DC5E4B7A1EADBED900B35F2D /* BPAppUITests.swift */ = {isa = PBXFileReference; lastKnownFileType = sourcecode.swift; path = BPAppUITests.swift; sourceTree = "<group>"; };
		DC5E4B7C1EADBED900B35F2D /* Info.plist */ = {isa = PBXFileReference; lastKnownFileType = text.plist.xml; path = Info.plist; sourceTree = "<group>"; };
		DC5E4B951EADBEF500B35F2D /* BPForEveryone.app */ = {isa = PBXFileReference; explicitFileType = wrapper.application; includeInIndex = 0; path = BPForEveryone.app; sourceTree = BUILT_PRODUCTS_DIR; };
		DC5E4B961EADBEF500B35F2D /* BPForEveryone-Info.plist */ = {isa = PBXFileReference; lastKnownFileType = text.plist.xml; name = "BPForEveryone-Info.plist"; path = "/Users/blackstone/Documents/Spring 2017/CS3311_LMC3432/BPApp/BPApp/BPForEveryone-Info.plist"; sourceTree = "<absolute>"; };
		DC5E4B971EADCEB200B35F2D /* QuickBPAnalysisViewController.swift */ = {isa = PBXFileReference; fileEncoding = 4; lastKnownFileType = sourcecode.swift; path = QuickBPAnalysisViewController.swift; sourceTree = "<group>"; };
		DC5E4B991EADD2F800B35F2D /* BPEMain.storyboard */ = {isa = PBXFileReference; fileEncoding = 4; lastKnownFileType = file.storyboard; path = BPEMain.storyboard; sourceTree = "<group>"; };
/* End PBXFileReference section */

/* Begin PBXFrameworksBuildPhase section */
		DC5E4B511EADBED900B35F2D /* Frameworks */ = {
			isa = PBXFrameworksBuildPhase;
			buildActionMask = 2147483647;
			files = (
			);
			runOnlyForDeploymentPostprocessing = 0;
		};
		DC5E4B681EADBED900B35F2D /* Frameworks */ = {
			isa = PBXFrameworksBuildPhase;
			buildActionMask = 2147483647;
			files = (
			);
			runOnlyForDeploymentPostprocessing = 0;
		};
		DC5E4B731EADBED900B35F2D /* Frameworks */ = {
			isa = PBXFrameworksBuildPhase;
			buildActionMask = 2147483647;
			files = (
			);
			runOnlyForDeploymentPostprocessing = 0;
		};
		DC5E4B8D1EADBEF500B35F2D /* Frameworks */ = {
			isa = PBXFrameworksBuildPhase;
			buildActionMask = 2147483647;
			files = (
			);
			runOnlyForDeploymentPostprocessing = 0;
		};
/* End PBXFrameworksBuildPhase section */

/* Begin PBXGroup section */
		DC5E4B4B1EADBED900B35F2D = {
			isa = PBXGroup;
			children = (
				DC5E4B561EADBED900B35F2D /* BPApp */,
				DC5E4B6E1EADBED900B35F2D /* BPAppTests */,
				DC5E4B791EADBED900B35F2D /* BPAppUITests */,
				DC5E4B551EADBED900B35F2D /* Products */,
			);
			sourceTree = "<group>";
		};
		DC5E4B551EADBED900B35F2D /* Products */ = {
			isa = PBXGroup;
			children = (
				DC5E4B541EADBED900B35F2D /* BPForProfessionals.app */,
				DC5E4B6B1EADBED900B35F2D /* BPAppTests.xctest */,
				DC5E4B761EADBED900B35F2D /* BPAppUITests.xctest */,
				DC5E4B951EADBEF500B35F2D /* BPForEveryone.app */,
			);
			name = Products;
			sourceTree = "<group>";
		};
		DC5E4B561EADBED900B35F2D /* BPApp */ = {
			isa = PBXGroup;
			children = (
				DC5E4B661EADBED900B35F2D /* BPForProfesionals-Info.plist */,
				DC5E4B961EADBEF500B35F2D /* BPForEveryone-Info.plist */,
				DC5E4B571EADBED900B35F2D /* AppDelegate.swift */,
				DC5E4B591EADBED900B35F2D /* BPProMainViewController.swift */,
				DC5E4B5B1EADBED900B35F2D /* BPProMain.storyboard */,
				DC38320B1EAE3A1600804EDF /* BPProResourceTableViewController.swift */,
				DC5E4B991EADD2F800B35F2D /* BPEMain.storyboard */,
				DC3832111EAE44DC00804EDF /* BPESettingsViewController.swift */,
				DC38320F1EAE415400804EDF /* BPEResourceTableViewController.swift */,
				DC38320D1EAE3EE100804EDF /* BPETrackUsersViewController.swift */,
				DC3832051EAE2E2D00804EDF /* BPEMainViewController.swift */,
				DC5E4B971EADCEB200B35F2D /* QuickBPAnalysisViewController.swift */,
				DC5E4B611EADBED900B35F2D /* Assets.xcassets */,
				DC5E4B631EADBED900B35F2D /* ProLaunchScreen.storyboard */,
				DC5E4B5E1EADBED900B35F2D /* BPApp.xcdatamodeld */,
			);
			path = BPApp;
			sourceTree = "<group>";
		};
		DC5E4B6E1EADBED900B35F2D /* BPAppTests */ = {
			isa = PBXGroup;
			children = (
				DC5E4B6F1EADBED900B35F2D /* BPAppTests.swift */,
				DC5E4B711EADBED900B35F2D /* Info.plist */,
			);
			path = BPAppTests;
			sourceTree = "<group>";
		};
		DC5E4B791EADBED900B35F2D /* BPAppUITests */ = {
			isa = PBXGroup;
			children = (
				DC5E4B7A1EADBED900B35F2D /* BPAppUITests.swift */,
				DC5E4B7C1EADBED900B35F2D /* Info.plist */,
			);
			path = BPAppUITests;
			sourceTree = "<group>";
		};
/* End PBXGroup section */

/* Begin PBXNativeTarget section */
		DC5E4B531EADBED900B35F2D /* BPForProfessionals */ = {
			isa = PBXNativeTarget;
			buildConfigurationList = DC5E4B7F1EADBEDA00B35F2D /* Build configuration list for PBXNativeTarget "BPForProfessionals" */;
			buildPhases = (
				DC5E4B501EADBED900B35F2D /* Sources */,
				DC5E4B511EADBED900B35F2D /* Frameworks */,
				DC5E4B521EADBED900B35F2D /* Resources */,
			);
			buildRules = (
			);
			dependencies = (
			);
			name = BPForProfessionals;
			productName = BPApp;
			productReference = DC5E4B541EADBED900B35F2D /* BPForProfessionals.app */;
			productType = "com.apple.product-type.application";
		};
		DC5E4B6A1EADBED900B35F2D /* BPAppTests */ = {
			isa = PBXNativeTarget;
			buildConfigurationList = DC5E4B821EADBEDA00B35F2D /* Build configuration list for PBXNativeTarget "BPAppTests" */;
			buildPhases = (
				DC5E4B671EADBED900B35F2D /* Sources */,
				DC5E4B681EADBED900B35F2D /* Frameworks */,
				DC5E4B691EADBED900B35F2D /* Resources */,
			);
			buildRules = (
			);
			dependencies = (
				DC5E4B6D1EADBED900B35F2D /* PBXTargetDependency */,
			);
			name = BPAppTests;
			productName = BPAppTests;
			productReference = DC5E4B6B1EADBED900B35F2D /* BPAppTests.xctest */;
			productType = "com.apple.product-type.bundle.unit-test";
		};
		DC5E4B751EADBED900B35F2D /* BPAppUITests */ = {
			isa = PBXNativeTarget;
			buildConfigurationList = DC5E4B851EADBEDA00B35F2D /* Build configuration list for PBXNativeTarget "BPAppUITests" */;
			buildPhases = (
				DC5E4B721EADBED900B35F2D /* Sources */,
				DC5E4B731EADBED900B35F2D /* Frameworks */,
				DC5E4B741EADBED900B35F2D /* Resources */,
			);
			buildRules = (
			);
			dependencies = (
				DC5E4B781EADBED900B35F2D /* PBXTargetDependency */,
			);
			name = BPAppUITests;
			productName = BPAppUITests;
			productReference = DC5E4B761EADBED900B35F2D /* BPAppUITests.xctest */;
			productType = "com.apple.product-type.bundle.ui-testing";
		};
		DC5E4B881EADBEF500B35F2D /* BPForEveryone */ = {
			isa = PBXNativeTarget;
			buildConfigurationList = DC5E4B921EADBEF500B35F2D /* Build configuration list for PBXNativeTarget "BPForEveryone" */;
			buildPhases = (
				DC5E4B891EADBEF500B35F2D /* Sources */,
				DC5E4B8D1EADBEF500B35F2D /* Frameworks */,
				DC5E4B8E1EADBEF500B35F2D /* Resources */,
			);
			buildRules = (
			);
			dependencies = (
			);
			name = BPForEveryone;
			productName = BPApp;
			productReference = DC5E4B951EADBEF500B35F2D /* BPForEveryone.app */;
			productType = "com.apple.product-type.application";
		};
/* End PBXNativeTarget section */

/* Begin PBXProject section */
		DC5E4B4C1EADBED900B35F2D /* Project object */ = {
			isa = PBXProject;
			attributes = {
				LastSwiftUpdateCheck = 0830;
				LastUpgradeCheck = 0830;
				ORGANIZATIONNAME = BlackstoneBuilds;
				TargetAttributes = {
					DC5E4B531EADBED900B35F2D = {
						CreatedOnToolsVersion = 8.3.2;
						ProvisioningStyle = Automatic;
					};
					DC5E4B6A1EADBED900B35F2D = {
						CreatedOnToolsVersion = 8.3.2;
						ProvisioningStyle = Automatic;
						TestTargetID = DC5E4B531EADBED900B35F2D;
					};
					DC5E4B751EADBED900B35F2D = {
						CreatedOnToolsVersion = 8.3.2;
						ProvisioningStyle = Automatic;
						TestTargetID = DC5E4B531EADBED900B35F2D;
					};
				};
			};
			buildConfigurationList = DC5E4B4F1EADBED900B35F2D /* Build configuration list for PBXProject "BPApp" */;
			compatibilityVersion = "Xcode 3.2";
			developmentRegion = English;
			hasScannedForEncodings = 0;
			knownRegions = (
				en,
				Base,
			);
			mainGroup = DC5E4B4B1EADBED900B35F2D;
			productRefGroup = DC5E4B551EADBED900B35F2D /* Products */;
			projectDirPath = "";
			projectRoot = "";
			targets = (
				DC5E4B531EADBED900B35F2D /* BPForProfessionals */,
				DC5E4B881EADBEF500B35F2D /* BPForEveryone */,
				DC5E4B6A1EADBED900B35F2D /* BPAppTests */,
				DC5E4B751EADBED900B35F2D /* BPAppUITests */,
			);
		};
/* End PBXProject section */

/* Begin PBXResourcesBuildPhase section */
		DC5E4B521EADBED900B35F2D /* Resources */ = {
			isa = PBXResourcesBuildPhase;
			buildActionMask = 2147483647;
			files = (
				DC5E4B651EADBED900B35F2D /* ProLaunchScreen.storyboard in Resources */,
				DC5E4B621EADBED900B35F2D /* Assets.xcassets in Resources */,
				DC5E4B5D1EADBED900B35F2D /* BPProMain.storyboard in Resources */,
			);
			runOnlyForDeploymentPostprocessing = 0;
		};
		DC5E4B691EADBED900B35F2D /* Resources */ = {
			isa = PBXResourcesBuildPhase;
			buildActionMask = 2147483647;
			files = (
			);
			runOnlyForDeploymentPostprocessing = 0;
		};
		DC5E4B741EADBED900B35F2D /* Resources */ = {
			isa = PBXResourcesBuildPhase;
			buildActionMask = 2147483647;
			files = (
			);
			runOnlyForDeploymentPostprocessing = 0;
		};
		DC5E4B8E1EADBEF500B35F2D /* Resources */ = {
			isa = PBXResourcesBuildPhase;
			buildActionMask = 2147483647;
			files = (
				DC5E4B8F1EADBEF500B35F2D /* ProLaunchScreen.storyboard in Resources */,
				DC5E4B9A1EADD2F800B35F2D /* BPEMain.storyboard in Resources */,
				DC5E4B901EADBEF500B35F2D /* Assets.xcassets in Resources */,
				DC5E4B911EADBEF500B35F2D /* BPProMain.storyboard in Resources */,
			);
			runOnlyForDeploymentPostprocessing = 0;
		};
/* End PBXResourcesBuildPhase section */

/* Begin PBXSourcesBuildPhase section */
		DC5E4B501EADBED900B35F2D /* Sources */ = {
			isa = PBXSourcesBuildPhase;
			buildActionMask = 2147483647;
			files = (
				DC5E4B981EADCEB200B35F2D /* QuickBPAnalysisViewController.swift in Sources */,
				DC5E4B601EADBED900B35F2D /* BPApp.xcdatamodeld in Sources */,
				DC5E4B5A1EADBED900B35F2D /* BPProMainViewController.swift in Sources */,
				DC5E4B581EADBED900B35F2D /* AppDelegate.swift in Sources */,
				DC38320C1EAE3A1600804EDF /* BPProResourceTableViewController.swift in Sources */,
			);
			runOnlyForDeploymentPostprocessing = 0;
		};
		DC5E4B671EADBED900B35F2D /* Sources */ = {
			isa = PBXSourcesBuildPhase;
			buildActionMask = 2147483647;
			files = (
				DC5E4B701EADBED900B35F2D /* BPAppTests.swift in Sources */,
			);
			runOnlyForDeploymentPostprocessing = 0;
		};
		DC5E4B721EADBED900B35F2D /* Sources */ = {
			isa = PBXSourcesBuildPhase;
			buildActionMask = 2147483647;
			files = (
				DC5E4B7B1EADBED900B35F2D /* BPAppUITests.swift in Sources */,
			);
			runOnlyForDeploymentPostprocessing = 0;
		};
		DC5E4B891EADBEF500B35F2D /* Sources */ = {
			isa = PBXSourcesBuildPhase;
			buildActionMask = 2147483647;
			files = (
				DC3832121EAE44DC00804EDF /* BPESettingsViewController.swift in Sources */,
				DC5E4B8A1EADBEF500B35F2D /* BPApp.xcdatamodeld in Sources */,
				DC3832061EAE2E2D00804EDF /* BPEMainViewController.swift in Sources */,
				DC5E4B8B1EADBEF500B35F2D /* BPProMainViewController.swift in Sources */,
				DC3832101EAE415400804EDF /* BPEResourceTableViewController.swift in Sources */,
				DC5E4B8C1EADBEF500B35F2D /* AppDelegate.swift in Sources */,
				DC38320E1EAE3EE100804EDF /* BPETrackUsersViewController.swift in Sources */,
			);
			runOnlyForDeploymentPostprocessing = 0;
		};
/* End PBXSourcesBuildPhase section */

/* Begin PBXTargetDependency section */
		DC5E4B6D1EADBED900B35F2D /* PBXTargetDependency */ = {
			isa = PBXTargetDependency;
			target = DC5E4B531EADBED900B35F2D /* BPForProfessionals */;
			targetProxy = DC5E4B6C1EADBED900B35F2D /* PBXContainerItemProxy */;
		};
		DC5E4B781EADBED900B35F2D /* PBXTargetDependency */ = {
			isa = PBXTargetDependency;
			target = DC5E4B531EADBED900B35F2D /* BPForProfessionals */;
			targetProxy = DC5E4B771EADBED900B35F2D /* PBXContainerItemProxy */;
		};
/* End PBXTargetDependency section */

/* Begin PBXVariantGroup section */
		DC5E4B5B1EADBED900B35F2D /* BPProMain.storyboard */ = {
			isa = PBXVariantGroup;
			children = (
				DC5E4B5C1EADBED900B35F2D /* Base */,
			);
			name = BPProMain.storyboard;
			sourceTree = "<group>";
		};
		DC5E4B631EADBED900B35F2D /* ProLaunchScreen.storyboard */ = {
			isa = PBXVariantGroup;
			children = (
				DC5E4B641EADBED900B35F2D /* Base */,
			);
			name = ProLaunchScreen.storyboard;
			sourceTree = "<group>";
		};
/* End PBXVariantGroup section */

/* Begin XCBuildConfiguration section */
		DC5E4B7D1EADBEDA00B35F2D /* Debug */ = {
			isa = XCBuildConfiguration;
			buildSettings = {
				ALWAYS_SEARCH_USER_PATHS = NO;
				CLANG_ANALYZER_NONNULL = YES;
				CLANG_ANALYZER_NUMBER_OBJECT_CONVERSION = YES_AGGRESSIVE;
				CLANG_CXX_LANGUAGE_STANDARD = "gnu++0x";
				CLANG_CXX_LIBRARY = "libc++";
				CLANG_ENABLE_MODULES = YES;
				CLANG_ENABLE_OBJC_ARC = YES;
				CLANG_WARN_BOOL_CONVERSION = YES;
				CLANG_WARN_CONSTANT_CONVERSION = YES;
				CLANG_WARN_DIRECT_OBJC_ISA_USAGE = YES_ERROR;
				CLANG_WARN_DOCUMENTATION_COMMENTS = YES;
				CLANG_WARN_EMPTY_BODY = YES;
				CLANG_WARN_ENUM_CONVERSION = YES;
				CLANG_WARN_INFINITE_RECURSION = YES;
				CLANG_WARN_INT_CONVERSION = YES;
				CLANG_WARN_OBJC_ROOT_CLASS = YES_ERROR;
				CLANG_WARN_SUSPICIOUS_MOVE = YES;
				CLANG_WARN_UNREACHABLE_CODE = YES;
				CLANG_WARN__DUPLICATE_METHOD_MATCH = YES;
				"CODE_SIGN_IDENTITY[sdk=iphoneos*]" = "iPhone Developer";
				COPY_PHASE_STRIP = NO;
				DEBUG_INFORMATION_FORMAT = dwarf;
				ENABLE_STRICT_OBJC_MSGSEND = YES;
				ENABLE_TESTABILITY = YES;
				GCC_C_LANGUAGE_STANDARD = gnu99;
				GCC_DYNAMIC_NO_PIC = NO;
				GCC_NO_COMMON_BLOCKS = YES;
				GCC_OPTIMIZATION_LEVEL = 0;
				GCC_PREPROCESSOR_DEFINITIONS = (
					"DEBUG=1",
					"$(inherited)",
				);
				GCC_WARN_64_TO_32_BIT_CONVERSION = YES;
				GCC_WARN_ABOUT_RETURN_TYPE = YES_ERROR;
				GCC_WARN_UNDECLARED_SELECTOR = YES;
				GCC_WARN_UNINITIALIZED_AUTOS = YES_AGGRESSIVE;
				GCC_WARN_UNUSED_FUNCTION = YES;
				GCC_WARN_UNUSED_VARIABLE = YES;
				IPHONEOS_DEPLOYMENT_TARGET = 10.3;
				MTL_ENABLE_DEBUG_INFO = YES;
				ONLY_ACTIVE_ARCH = YES;
				SDKROOT = iphoneos;
				SWIFT_ACTIVE_COMPILATION_CONDITIONS = DEBUG;
				SWIFT_OPTIMIZATION_LEVEL = "-Onone";
			};
			name = Debug;
		};
		DC5E4B7E1EADBEDA00B35F2D /* Release */ = {
			isa = XCBuildConfiguration;
			buildSettings = {
				ALWAYS_SEARCH_USER_PATHS = NO;
				CLANG_ANALYZER_NONNULL = YES;
				CLANG_ANALYZER_NUMBER_OBJECT_CONVERSION = YES_AGGRESSIVE;
				CLANG_CXX_LANGUAGE_STANDARD = "gnu++0x";
				CLANG_CXX_LIBRARY = "libc++";
				CLANG_ENABLE_MODULES = YES;
				CLANG_ENABLE_OBJC_ARC = YES;
				CLANG_WARN_BOOL_CONVERSION = YES;
				CLANG_WARN_CONSTANT_CONVERSION = YES;
				CLANG_WARN_DIRECT_OBJC_ISA_USAGE = YES_ERROR;
				CLANG_WARN_DOCUMENTATION_COMMENTS = YES;
				CLANG_WARN_EMPTY_BODY = YES;
				CLANG_WARN_ENUM_CONVERSION = YES;
				CLANG_WARN_INFINITE_RECURSION = YES;
				CLANG_WARN_INT_CONVERSION = YES;
				CLANG_WARN_OBJC_ROOT_CLASS = YES_ERROR;
				CLANG_WARN_SUSPICIOUS_MOVE = YES;
				CLANG_WARN_UNREACHABLE_CODE = YES;
				CLANG_WARN__DUPLICATE_METHOD_MATCH = YES;
				"CODE_SIGN_IDENTITY[sdk=iphoneos*]" = "iPhone Developer";
				COPY_PHASE_STRIP = NO;
				DEBUG_INFORMATION_FORMAT = "dwarf-with-dsym";
				ENABLE_NS_ASSERTIONS = NO;
				ENABLE_STRICT_OBJC_MSGSEND = YES;
				GCC_C_LANGUAGE_STANDARD = gnu99;
				GCC_NO_COMMON_BLOCKS = YES;
				GCC_WARN_64_TO_32_BIT_CONVERSION = YES;
				GCC_WARN_ABOUT_RETURN_TYPE = YES_ERROR;
				GCC_WARN_UNDECLARED_SELECTOR = YES;
				GCC_WARN_UNINITIALIZED_AUTOS = YES_AGGRESSIVE;
				GCC_WARN_UNUSED_FUNCTION = YES;
				GCC_WARN_UNUSED_VARIABLE = YES;
				IPHONEOS_DEPLOYMENT_TARGET = 10.3;
				MTL_ENABLE_DEBUG_INFO = NO;
				SDKROOT = iphoneos;
				SWIFT_OPTIMIZATION_LEVEL = "-Owholemodule";
				VALIDATE_PRODUCT = YES;
			};
			name = Release;
		};
		DC5E4B801EADBEDA00B35F2D /* Debug */ = {
			isa = XCBuildConfiguration;
			buildSettings = {
				ASSETCATALOG_COMPILER_APPICON_NAME = AppIcon;
				INFOPLIST_FILE = "$(SRCROOT)/BPApp/BPForProfesionals-Info.plist";
				LD_RUNPATH_SEARCH_PATHS = "$(inherited) @executable_path/Frameworks";
				PRODUCT_BUNDLE_IDENTIFIER = com.blackstone.BPForProfessionals;
				PRODUCT_NAME = "$(TARGET_NAME)";
				SWIFT_VERSION = 3.0;
			};
			name = Debug;
		};
		DC5E4B811EADBEDA00B35F2D /* Release */ = {
			isa = XCBuildConfiguration;
			buildSettings = {
				ASSETCATALOG_COMPILER_APPICON_NAME = AppIcon;
				INFOPLIST_FILE = "$(SRCROOT)/BPApp/BPForProfesionals-Info.plist";
				LD_RUNPATH_SEARCH_PATHS = "$(inherited) @executable_path/Frameworks";
				PRODUCT_BUNDLE_IDENTIFIER = com.blackstone.BPForProfessionals;
				PRODUCT_NAME = "$(TARGET_NAME)";
				SWIFT_VERSION = 3.0;
			};
			name = Release;
		};
		DC5E4B831EADBEDA00B35F2D /* Debug */ = {
			isa = XCBuildConfiguration;
			buildSettings = {
				ALWAYS_EMBED_SWIFT_STANDARD_LIBRARIES = YES;
				BUNDLE_LOADER = "$(TEST_HOST)";
				INFOPLIST_FILE = BPAppTests/Info.plist;
				LD_RUNPATH_SEARCH_PATHS = "$(inherited) @executable_path/Frameworks @loader_path/Frameworks";
				PRODUCT_BUNDLE_IDENTIFIER = com.blackstone.BPAppTests;
				PRODUCT_NAME = "$(TARGET_NAME)";
				SWIFT_VERSION = 3.0;
				TEST_HOST = "$(BUILT_PRODUCTS_DIR)/BPApp.app/BPApp";
			};
			name = Debug;
		};
		DC5E4B841EADBEDA00B35F2D /* Release */ = {
			isa = XCBuildConfiguration;
			buildSettings = {
				ALWAYS_EMBED_SWIFT_STANDARD_LIBRARIES = YES;
				BUNDLE_LOADER = "$(TEST_HOST)";
				INFOPLIST_FILE = BPAppTests/Info.plist;
				LD_RUNPATH_SEARCH_PATHS = "$(inherited) @executable_path/Frameworks @loader_path/Frameworks";
				PRODUCT_BUNDLE_IDENTIFIER = com.blackstone.BPAppTests;
				PRODUCT_NAME = "$(TARGET_NAME)";
				SWIFT_VERSION = 3.0;
				TEST_HOST = "$(BUILT_PRODUCTS_DIR)/BPApp.app/BPApp";
			};
			name = Release;
		};
		DC5E4B861EADBEDA00B35F2D /* Debug */ = {
			isa = XCBuildConfiguration;
			buildSettings = {
				ALWAYS_EMBED_SWIFT_STANDARD_LIBRARIES = YES;
				INFOPLIST_FILE = BPAppUITests/Info.plist;
				LD_RUNPATH_SEARCH_PATHS = "$(inherited) @executable_path/Frameworks @loader_path/Frameworks";
				PRODUCT_BUNDLE_IDENTIFIER = com.blackstone.BPAppUITests;
				PRODUCT_NAME = "$(TARGET_NAME)";
				SWIFT_VERSION = 3.0;
				TEST_TARGET_NAME = BPApp;
			};
			name = Debug;
		};
		DC5E4B871EADBEDA00B35F2D /* Release */ = {
			isa = XCBuildConfiguration;
			buildSettings = {
				ALWAYS_EMBED_SWIFT_STANDARD_LIBRARIES = YES;
				INFOPLIST_FILE = BPAppUITests/Info.plist;
				LD_RUNPATH_SEARCH_PATHS = "$(inherited) @executable_path/Frameworks @loader_path/Frameworks";
				PRODUCT_BUNDLE_IDENTIFIER = com.blackstone.BPAppUITests;
				PRODUCT_NAME = "$(TARGET_NAME)";
				SWIFT_VERSION = 3.0;
				TEST_TARGET_NAME = BPApp;
			};
			name = Release;
		};
		DC5E4B931EADBEF500B35F2D /* Debug */ = {
			isa = XCBuildConfiguration;
			buildSettings = {
				ASSETCATALOG_COMPILER_APPICON_NAME = AppIcon;
				INFOPLIST_FILE = "$(SRCROOT)/BPForEveryone-Info.plist";
				LD_RUNPATH_SEARCH_PATHS = "$(inherited) @executable_path/Frameworks";
				PRODUCT_BUNDLE_IDENTIFIER = com.blackstone.BPForEveryone;
				PRODUCT_NAME = "$(TARGET_NAME)";
				SWIFT_VERSION = 3.0;
			};
			name = Debug;
		};
		DC5E4B941EADBEF500B35F2D /* Release */ = {
			isa = XCBuildConfiguration;
			buildSettings = {
				ASSETCATALOG_COMPILER_APPICON_NAME = AppIcon;
				INFOPLIST_FILE = "$(SRCROOT)/BPForEveryone-Info.plist";
				LD_RUNPATH_SEARCH_PATHS = "$(inherited) @executable_path/Frameworks";
				PRODUCT_BUNDLE_IDENTIFIER = com.blackstone.BPForEveryone;
				PRODUCT_NAME = "$(TARGET_NAME)";
				SWIFT_VERSION = 3.0;
			};
			name = Release;
		};
/* End XCBuildConfiguration section */

/* Begin XCConfigurationList section */
		DC5E4B4F1EADBED900B35F2D /* Build configuration list for PBXProject "BPApp" */ = {
			isa = XCConfigurationList;
			buildConfigurations = (
				DC5E4B7D1EADBEDA00B35F2D /* Debug */,
				DC5E4B7E1EADBEDA00B35F2D /* Release */,
			);
			defaultConfigurationIsVisible = 0;
			defaultConfigurationName = Release;
		};
		DC5E4B7F1EADBEDA00B35F2D /* Build configuration list for PBXNativeTarget "BPForProfessionals" */ = {
			isa = XCConfigurationList;
			buildConfigurations = (
				DC5E4B801EADBEDA00B35F2D /* Debug */,
				DC5E4B811EADBEDA00B35F2D /* Release */,
			);
			defaultConfigurationIsVisible = 0;
			defaultConfigurationName = Release;
		};
		DC5E4B821EADBEDA00B35F2D /* Build configuration list for PBXNativeTarget "BPAppTests" */ = {
			isa = XCConfigurationList;
			buildConfigurations = (
				DC5E4B831EADBEDA00B35F2D /* Debug */,
				DC5E4B841EADBEDA00B35F2D /* Release */,
			);
			defaultConfigurationIsVisible = 0;
			defaultConfigurationName = Release;
		};
		DC5E4B851EADBEDA00B35F2D /* Build configuration list for PBXNativeTarget "BPAppUITests" */ = {
			isa = XCConfigurationList;
			buildConfigurations = (
				DC5E4B861EADBEDA00B35F2D /* Debug */,
				DC5E4B871EADBEDA00B35F2D /* Release */,
			);
			defaultConfigurationIsVisible = 0;
			defaultConfigurationName = Release;
		};
		DC5E4B921EADBEF500B35F2D /* Build configuration list for PBXNativeTarget "BPForEveryone" */ = {
			isa = XCConfigurationList;
			buildConfigurations = (
				DC5E4B931EADBEF500B35F2D /* Debug */,
				DC5E4B941EADBEF500B35F2D /* Release */,
			);
			defaultConfigurationIsVisible = 0;
			defaultConfigurationName = Release;
		};
/* End XCConfigurationList section */

/* Begin XCVersionGroup section */
		DC5E4B5E1EADBED900B35F2D /* BPApp.xcdatamodeld */ = {
			isa = XCVersionGroup;
			children = (
				DC5E4B5F1EADBED900B35F2D /* BPApp.xcdatamodel */,
			);
			currentVersion = DC5E4B5F1EADBED900B35F2D /* BPApp.xcdatamodel */;
			path = BPApp.xcdatamodeld;
			sourceTree = "<group>";
			versionGroupType = wrapper.xcdatamodel;
		};
/* End XCVersionGroup section */
	};
	rootObject = DC5E4B4C1EADBED900B35F2D /* Project object */;
}
